
Microsoft Visual Studio Solution File, Format Version 11.00
# Visual Studio 2010
Project("{2150E333-8FDC-42A3-9474-1A3956D46DE8}") = "Solution Items", "Solution Items", "{C2A02A8C-765E-4807-99BF-65E98972A9B1}"
	ProjectSection(SolutionItems) = preProject
		HydroNumerics.Geometry.vsmdi = HydroNumerics.Geometry.vsmdi
		LocalTestRun.testrunconfig = LocalTestRun.testrunconfig
	EndProjectSection
EndProject
Project("{FAE04EC0-301F-11D3-BF4B-00C04F79EFBC}") = "HydroNumerics.Geometry", "HydroNumerics.Geometry.csproj", "{509C73FF-72DC-4E94-9E84-C220EAB3FA48}"
EndProject
Project("{FAE04EC0-301F-11D3-BF4B-00C04F79EFBC}") = "HydroNumerics.Geometry.UnitTest", "UnitTest\HydroNumerics.Geometry.UnitTest.csproj", "{BB326351-790B-407E-BF5B-0F1199FA5818}"
EndProject
Project("{FAE04EC0-301F-11D3-BF4B-00C04F79EFBC}") = "HydroNumerics.Geometry.Shapes", "Shapes\HydroNumerics.Geometry.Shapes.csproj", "{533D9D61-A466-4038-95A8-96CD82842B09}"
EndProject
Project("{FAE04EC0-301F-11D3-BF4B-00C04F79EFBC}") = "HydroNumerics.Geometry.Shapes.UnitTest", "Shapes\UnitTest\HydroNumerics.Geometry.Shapes.UnitTest.csproj", "{94400BB2-6B78-45F4-B98E-CF22D5F28E9A}"
EndProject
Project("{FAE04EC0-301F-11D3-BF4B-00C04F79EFBC}") = "HydroNumerics.Geometry.Net", "Net\HydroNumerics.Geometry.Net\HydroNumerics.Geometry.Net.csproj", "{0D9D7820-1C3C-4796-8D02-A15EE3CD90E8}"
EndProject
Project("{F184B08F-C81C-45F6-A57F-5ABD9991F28F}") = "HydroNumerics.Geometry.UTMConversion", "UTMConversion\HydroNumerics.Geometry.UTMConversion\HydroNumerics.Geometry.UTMConversion.vbproj", "{DD9FCFC6-AB18-4BC4-984A-5606CAF4FF1A}"
EndProject
Project("{FAE04EC0-301F-11D3-BF4B-00C04F79EFBC}") = "HydroNumerics.Geometry.Net.UnitTest", "Net\UnitTest\HydroNumerics.Geometry.Net.UnitTest\HydroNumerics.Geometry.Net.UnitTest.csproj", "{B472BFC4-08D3-49EE-B8AC-C604A2482839}"
EndProject
Project("{FAE04EC0-301F-11D3-BF4B-00C04F79EFBC}") = "HydroNumerics.Geometry.ASCII", "ASCII\HydroNumerics.Geometry.ASCII.csproj", "{F6B9867D-C7AD-49B3-B78A-F32614AA287C}"
EndProject
Project("{FAE04EC0-301F-11D3-BF4B-00C04F79EFBC}") = "TestProject", "TestProject\TestProject\TestProject.csproj", "{4630A6C4-9C33-434F-95DF-1B14E8754BED}"
EndProject
Project("{FAE04EC0-301F-11D3-BF4B-00C04F79EFBC}") = "WpfApplication1", "WpfApplication1\WpfApplication1.csproj", "{E8A81D2E-9975-45CB-A2D5-4329A932C784}"
EndProject
Global
	GlobalSection(TestCaseManagementSettings) = postSolution
		CategoryFile = HydroNumerics.Geometry.vsmdi
	EndGlobalSection
	GlobalSection(SolutionConfigurationPlatforms) = preSolution
		Debug|Any CPU = Debug|Any CPU
		Debug|Mixed Platforms = Debug|Mixed Platforms
		Debug|x86 = Debug|x86
		Release|Any CPU = Release|Any CPU
		Release|Mixed Platforms = Release|Mixed Platforms
		Release|x86 = Release|x86
	EndGlobalSection
	GlobalSection(ProjectConfigurationPlatforms) = postSolution
		{509C73FF-72DC-4E94-9E84-C220EAB3FA48}.Debug|Any CPU.ActiveCfg = Debug|Any CPU
		{509C73FF-72DC-4E94-9E84-C220EAB3FA48}.Debug|Any CPU.Build.0 = Debug|Any CPU
		{509C73FF-72DC-4E94-9E84-C220EAB3FA48}.Debug|Mixed Platforms.ActiveCfg = Debug|x86
		{509C73FF-72DC-4E94-9E84-C220EAB3FA48}.Debug|Mixed Platforms.Build.0 = Debug|x86
		{509C73FF-72DC-4E94-9E84-C220EAB3FA48}.Debug|x86.ActiveCfg = Debug|x86
		{509C73FF-72DC-4E94-9E84-C220EAB3FA48}.Debug|x86.Build.0 = Debug|x86
		{509C73FF-72DC-4E94-9E84-C220EAB3FA48}.Release|Any CPU.ActiveCfg = Release|Any CPU
		{509C73FF-72DC-4E94-9E84-C220EAB3FA48}.Release|Any CPU.Build.0 = Release|Any CPU
		{509C73FF-72DC-4E94-9E84-C220EAB3FA48}.Release|Mixed Platforms.ActiveCfg = Release|x86
		{509C73FF-72DC-4E94-9E84-C220EAB3FA48}.Release|Mixed Platforms.Build.0 = Release|x86
		{509C73FF-72DC-4E94-9E84-C220EAB3FA48}.Release|x86.ActiveCfg = Release|x86
		{509C73FF-72DC-4E94-9E84-C220EAB3FA48}.Release|x86.Build.0 = Release|x86
		{BB326351-790B-407E-BF5B-0F1199FA5818}.Debug|Any CPU.ActiveCfg = Debug|Any CPU
		{BB326351-790B-407E-BF5B-0F1199FA5818}.Debug|Any CPU.Build.0 = Debug|Any CPU
		{BB326351-790B-407E-BF5B-0F1199FA5818}.Debug|Mixed Platforms.ActiveCfg = Debug|Any CPU
		{BB326351-790B-407E-BF5B-0F1199FA5818}.Debug|Mixed Platforms.Build.0 = Debug|Any CPU
		{BB326351-790B-407E-BF5B-0F1199FA5818}.Debug|x86.ActiveCfg = Debug|Any CPU
		{BB326351-790B-407E-BF5B-0F1199FA5818}.Release|Any CPU.ActiveCfg = Release|Any CPU
		{BB326351-790B-407E-BF5B-0F1199FA5818}.Release|Any CPU.Build.0 = Release|Any CPU
		{BB326351-790B-407E-BF5B-0F1199FA5818}.Release|Mixed Platforms.ActiveCfg = Release|Any CPU
		{BB326351-790B-407E-BF5B-0F1199FA5818}.Release|Mixed Platforms.Build.0 = Release|Any CPU
		{BB326351-790B-407E-BF5B-0F1199FA5818}.Release|x86.ActiveCfg = Release|Any CPU
		{533D9D61-A466-4038-95A8-96CD82842B09}.Debug|Any CPU.ActiveCfg = Debug|Any CPU
		{533D9D61-A466-4038-95A8-96CD82842B09}.Debug|Any CPU.Build.0 = Debug|Any CPU
		{533D9D61-A466-4038-95A8-96CD82842B09}.Debug|Mixed Platforms.ActiveCfg = Debug|x86
		{533D9D61-A466-4038-95A8-96CD82842B09}.Debug|Mixed Platforms.Build.0 = Debug|x86
		{533D9D61-A466-4038-95A8-96CD82842B09}.Debug|x86.ActiveCfg = Debug|x86
		{533D9D61-A466-4038-95A8-96CD82842B09}.Debug|x86.Build.0 = Debug|x86
		{533D9D61-A466-4038-95A8-96CD82842B09}.Release|Any CPU.ActiveCfg = Release|Any CPU
		{533D9D61-A466-4038-95A8-96CD82842B09}.Release|Any CPU.Build.0 = Release|Any CPU
		{533D9D61-A466-4038-95A8-96CD82842B09}.Release|Mixed Platforms.ActiveCfg = Release|x86
		{533D9D61-A466-4038-95A8-96CD82842B09}.Release|Mixed Platforms.Build.0 = Release|x86
		{533D9D61-A466-4038-95A8-96CD82842B09}.Release|x86.ActiveCfg = Release|x86
		{533D9D61-A466-4038-95A8-96CD82842B09}.Release|x86.Build.0 = Release|x86
		{94400BB2-6B78-45F4-B98E-CF22D5F28E9A}.Debug|Any CPU.ActiveCfg = Debug|Any CPU
		{94400BB2-6B78-45F4-B98E-CF22D5F28E9A}.Debug|Any CPU.Build.0 = Debug|Any CPU
		{94400BB2-6B78-45F4-B98E-CF22D5F28E9A}.Debug|Mixed Platforms.ActiveCfg = Debug|Any CPU
		{94400BB2-6B78-45F4-B98E-CF22D5F28E9A}.Debug|Mixed Platforms.Build.0 = Debug|Any CPU
		{94400BB2-6B78-45F4-B98E-CF22D5F28E9A}.Debug|x86.ActiveCfg = Debug|Any CPU
		{94400BB2-6B78-45F4-B98E-CF22D5F28E9A}.Release|Any CPU.ActiveCfg = Release|Any CPU
		{94400BB2-6B78-45F4-B98E-CF22D5F28E9A}.Release|Any CPU.Build.0 = Release|Any CPU
		{94400BB2-6B78-45F4-B98E-CF22D5F28E9A}.Release|Mixed Platforms.ActiveCfg = Release|Any CPU
		{94400BB2-6B78-45F4-B98E-CF22D5F28E9A}.Release|Mixed Platforms.Build.0 = Release|Any CPU
		{94400BB2-6B78-45F4-B98E-CF22D5F28E9A}.Release|x86.ActiveCfg = Release|Any CPU
		{0D9D7820-1C3C-4796-8D02-A15EE3CD90E8}.Debug|Any CPU.ActiveCfg = Debug|Any CPU
		{0D9D7820-1C3C-4796-8D02-A15EE3CD90E8}.Debug|Any CPU.Build.0 = Debug|Any CPU
		{0D9D7820-1C3C-4796-8D02-A15EE3CD90E8}.Debug|Mixed Platforms.ActiveCfg = Debug|x86
		{0D9D7820-1C3C-4796-8D02-A15EE3CD90E8}.Debug|Mixed Platforms.Build.0 = Debug|x86
		{0D9D7820-1C3C-4796-8D02-A15EE3CD90E8}.Debug|x86.ActiveCfg = Debug|x86
		{0D9D7820-1C3C-4796-8D02-A15EE3CD90E8}.Debug|x86.Build.0 = Debug|x86
		{0D9D7820-1C3C-4796-8D02-A15EE3CD90E8}.Release|Any CPU.ActiveCfg = Release|Any CPU
		{0D9D7820-1C3C-4796-8D02-A15EE3CD90E8}.Release|Any CPU.Build.0 = Release|Any CPU
		{0D9D7820-1C3C-4796-8D02-A15EE3CD90E8}.Release|Mixed Platforms.ActiveCfg = Release|x86
		{0D9D7820-1C3C-4796-8D02-A15EE3CD90E8}.Release|Mixed Platforms.Build.0 = Release|x86
		{0D9D7820-1C3C-4796-8D02-A15EE3CD90E8}.Release|x86.ActiveCfg = Release|x86
		{0D9D7820-1C3C-4796-8D02-A15EE3CD90E8}.Release|x86.Build.0 = Release|x86
		{DD9FCFC6-AB18-4BC4-984A-5606CAF4FF1A}.Debug|Any CPU.ActiveCfg = Debug|Any CPU
		{DD9FCFC6-AB18-4BC4-984A-5606CAF4FF1A}.Debug|Any CPU.Build.0 = Debug|Any CPU
		{DD9FCFC6-AB18-4BC4-984A-5606CAF4FF1A}.Debug|Mixed Platforms.ActiveCfg = Debug|x86
		{DD9FCFC6-AB18-4BC4-984A-5606CAF4FF1A}.Debug|Mixed Platforms.Build.0 = Debug|x86
		{DD9FCFC6-AB18-4BC4-984A-5606CAF4FF1A}.Debug|x86.ActiveCfg = Debug|x86
		{DD9FCFC6-AB18-4BC4-984A-5606CAF4FF1A}.Debug|x86.Build.0 = Debug|x86
		{DD9FCFC6-AB18-4BC4-984A-5606CAF4FF1A}.Release|Any CPU.ActiveCfg = Release|Any CPU
		{DD9FCFC6-AB18-4BC4-984A-5606CAF4FF1A}.Release|Any CPU.Build.0 = Release|Any CPU
		{DD9FCFC6-AB18-4BC4-984A-5606CAF4FF1A}.Release|Mixed Platforms.ActiveCfg = Release|x86
		{DD9FCFC6-AB18-4BC4-984A-5606CAF4FF1A}.Release|Mixed Platforms.Build.0 = Release|x86
		{DD9FCFC6-AB18-4BC4-984A-5606CAF4FF1A}.Release|x86.ActiveCfg = Release|x86
		{DD9FCFC6-AB18-4BC4-984A-5606CAF4FF1A}.Release|x86.Build.0 = Release|x86
		{B472BFC4-08D3-49EE-B8AC-C604A2482839}.Debug|Any CPU.ActiveCfg = Debug|Any CPU
		{B472BFC4-08D3-49EE-B8AC-C604A2482839}.Debug|Any CPU.Build.0 = Debug|Any CPU
		{B472BFC4-08D3-49EE-B8AC-C604A2482839}.Debug|Mixed Platforms.ActiveCfg = Debug|Any CPU
		{B472BFC4-08D3-49EE-B8AC-C604A2482839}.Debug|Mixed Platforms.Build.0 = Debug|Any CPU
		{B472BFC4-08D3-49EE-B8AC-C604A2482839}.Debug|x86.ActiveCfg = Debug|Any CPU
		{B472BFC4-08D3-49EE-B8AC-C604A2482839}.Release|Any CPU.ActiveCfg = Release|Any CPU
		{B472BFC4-08D3-49EE-B8AC-C604A2482839}.Release|Any CPU.Build.0 = Release|Any CPU
		{B472BFC4-08D3-49EE-B8AC-C604A2482839}.Release|Mixed Platforms.ActiveCfg = Release|Any CPU
		{B472BFC4-08D3-49EE-B8AC-C604A2482839}.Release|Mixed Platforms.Build.0 = Release|Any CPU
		{B472BFC4-08D3-49EE-B8AC-C604A2482839}.Release|x86.ActiveCfg = Release|Any CPU
		{F6B9867D-C7AD-49B3-B78A-F32614AA287C}.Debug|Any CPU.ActiveCfg = Debug|Any CPU
		{F6B9867D-C7AD-49B3-B78A-F32614AA287C}.Debug|Any CPU.Build.0 = Debug|Any CPU
		{F6B9867D-C7AD-49B3-B78A-F32614AA287C}.Debug|Mixed Platforms.ActiveCfg = Debug|Any CPU
		{F6B9867D-C7AD-49B3-B78A-F32614AA287C}.Debug|Mixed Platforms.Build.0 = Debug|Any CPU
		{F6B9867D-C7AD-49B3-B78A-F32614AA287C}.Debug|x86.ActiveCfg = Debug|Any CPU
		{F6B9867D-C7AD-49B3-B78A-F32614AA287C}.Release|Any CPU.ActiveCfg = Release|Any CPU
		{F6B9867D-C7AD-49B3-B78A-F32614AA287C}.Release|Any CPU.Build.0 = Release|Any CPU
		{F6B9867D-C7AD-49B3-B78A-F32614AA287C}.Release|Mixed Platforms.ActiveCfg = Release|Any CPU
		{F6B9867D-C7AD-49B3-B78A-F32614AA287C}.Release|Mixed Platforms.Build.0 = Release|Any CPU
		{F6B9867D-C7AD-49B3-B78A-F32614AA287C}.Release|x86.ActiveCfg = Release|Any CPU
		{4630A6C4-9C33-434F-95DF-1B14E8754BED}.Debug|Any CPU.ActiveCfg = Debug|x86
		{4630A6C4-9C33-434F-95DF-1B14E8754BED}.Debug|Mixed Platforms.ActiveCfg = Debug|x86
		{4630A6C4-9C33-434F-95DF-1B14E8754BED}.Debug|Mixed Platforms.Build.0 = Debug|x86
		{4630A6C4-9C33-434F-95DF-1B14E8754BED}.Debug|x86.ActiveCfg = Debug|x86
		{4630A6C4-9C33-434F-95DF-1B14E8754BED}.Debug|x86.Build.0 = Debug|x86
		{4630A6C4-9C33-434F-95DF-1B14E8754BED}.Release|Any CPU.ActiveCfg = Release|x86
		{4630A6C4-9C33-434F-95DF-1B14E8754BED}.Release|Mixed Platforms.ActiveCfg = Release|x86
		{4630A6C4-9C33-434F-95DF-1B14E8754BED}.Release|Mixed Platforms.Build.0 = Release|x86
		{4630A6C4-9C33-434F-95DF-1B14E8754BED}.Release|x86.ActiveCfg = Release|x86
		{4630A6C4-9C33-434F-95DF-1B14E8754BED}.Release|x86.Build.0 = Release|x86
		{E8A81D2E-9975-45CB-A2D5-4329A932C784}.Debug|Any CPU.ActiveCfg = Debug|x86
		{E8A81D2E-9975-45CB-A2D5-4329A932C784}.Debug|Mixed Platforms.ActiveCfg = Debug|x86
		{E8A81D2E-9975-45CB-A2D5-4329A932C784}.Debug|Mixed Platforms.Build.0 = Debug|x86
		{E8A81D2E-9975-45CB-A2D5-4329A932C784}.Debug|x86.ActiveCfg = Debug|x86
		{E8A81D2E-9975-45CB-A2D5-4329A932C784}.Debug|x86.Build.0 = Debug|x86
		{E8A81D2E-9975-45CB-A2D5-4329A932C784}.Release|Any CPU.ActiveCfg = Release|x86
		{E8A81D2E-9975-45CB-A2D5-4329A932C784}.Release|Mixed Platforms.ActiveCfg = Release|x86
		{E8A81D2E-9975-45CB-A2D5-4329A932C784}.Release|Mixed Platforms.Build.0 = Release|x86
		{E8A81D2E-9975-45CB-A2D5-4329A932C784}.Release|x86.ActiveCfg = Release|x86
		{E8A81D2E-9975-45CB-A2D5-4329A932C784}.Release|x86.Build.0 = Release|x86
	EndGlobalSection
	GlobalSection(SolutionProperties) = preSolution
		HideSolutionNode = FALSE
	EndGlobalSection
EndGlobal
