
Microsoft Visual Studio Solution File, Format Version 10.00
# Visual Studio 2008
Project("{FAE04EC0-301F-11D3-BF4B-00C04F79EFBC}") = "HydroNumerics.Geometry", "HydroNumerics.Geometry.csproj", "{509C73FF-72DC-4E94-9E84-C220EAB3FA48}"
EndProject
Project("{FAE04EC0-301F-11D3-BF4B-00C04F79EFBC}") = "HydroNumerics.Geometry.UnitTest", "UnitTest\HydroNumerics.Geometry.UnitTest.csproj", "{BB326351-790B-407E-BF5B-0F1199FA5818}"
EndProject
Project("{2150E333-8FDC-42A3-9474-1A3956D46DE8}") = "Solution Items", "Solution Items", "{C2A02A8C-765E-4807-99BF-65E98972A9B1}"
	ProjectSection(SolutionItems) = preProject
		HydroNumerics.Geometry.vsmdi = HydroNumerics.Geometry.vsmdi
		LocalTestRun.testrunconfig = LocalTestRun.testrunconfig
	EndProjectSection
EndProject
Project("{FAE04EC0-301F-11D3-BF4B-00C04F79EFBC}") = "HydroNumerics.Geometry.Shapes", "Shapes\HydroNumerics.Geometry.Shapes\HydroNumerics.Geometry.Shapes.csproj", "{533D9D61-A466-4038-95A8-96CD82842B09}"
EndProject
Project("{FAE04EC0-301F-11D3-BF4B-00C04F79EFBC}") = "HydroNumerics.Geometry.Shapes.UnitTest", "Shapes\UnitTest\HydroNumerics.Geometry.Shapes.UnitTest.csproj", "{94400BB2-6B78-45F4-B98E-CF22D5F28E9A}"
EndProject
Global
	GlobalSection(TestCaseManagementSettings) = postSolution
		CategoryFile = HydroNumerics.Geometry.vsmdi
	EndGlobalSection
	GlobalSection(SolutionConfigurationPlatforms) = preSolution
		Debug|Any CPU = Debug|Any CPU
		Release|Any CPU = Release|Any CPU
	EndGlobalSection
	GlobalSection(ProjectConfigurationPlatforms) = postSolution
		{509C73FF-72DC-4E94-9E84-C220EAB3FA48}.Debug|Any CPU.ActiveCfg = Debug|Any CPU
		{509C73FF-72DC-4E94-9E84-C220EAB3FA48}.Debug|Any CPU.Build.0 = Debug|Any CPU
		{509C73FF-72DC-4E94-9E84-C220EAB3FA48}.Release|Any CPU.ActiveCfg = Release|Any CPU
		{509C73FF-72DC-4E94-9E84-C220EAB3FA48}.Release|Any CPU.Build.0 = Release|Any CPU
		{BB326351-790B-407E-BF5B-0F1199FA5818}.Debug|Any CPU.ActiveCfg = Debug|Any CPU
		{BB326351-790B-407E-BF5B-0F1199FA5818}.Debug|Any CPU.Build.0 = Debug|Any CPU
		{BB326351-790B-407E-BF5B-0F1199FA5818}.Release|Any CPU.ActiveCfg = Release|Any CPU
		{BB326351-790B-407E-BF5B-0F1199FA5818}.Release|Any CPU.Build.0 = Release|Any CPU
		{533D9D61-A466-4038-95A8-96CD82842B09}.Debug|Any CPU.ActiveCfg = Debug|Any CPU
		{533D9D61-A466-4038-95A8-96CD82842B09}.Debug|Any CPU.Build.0 = Debug|Any CPU
		{533D9D61-A466-4038-95A8-96CD82842B09}.Release|Any CPU.ActiveCfg = Release|Any CPU
		{533D9D61-A466-4038-95A8-96CD82842B09}.Release|Any CPU.Build.0 = Release|Any CPU
		{94400BB2-6B78-45F4-B98E-CF22D5F28E9A}.Debug|Any CPU.ActiveCfg = Debug|Any CPU
		{94400BB2-6B78-45F4-B98E-CF22D5F28E9A}.Debug|Any CPU.Build.0 = Debug|Any CPU
		{94400BB2-6B78-45F4-B98E-CF22D5F28E9A}.Release|Any CPU.ActiveCfg = Release|Any CPU
		{94400BB2-6B78-45F4-B98E-CF22D5F28E9A}.Release|Any CPU.Build.0 = Release|Any CPU
	EndGlobalSection
	GlobalSection(SolutionProperties) = preSolution
		HideSolutionNode = FALSE
	EndGlobalSection
EndGlobal
