
Microsoft Visual Studio Solution File, Format Version 10.00
# Visual Studio 2008
Project("{FAE04EC0-301F-11D3-BF4B-00C04F79EFBC}") = "HydroNumerics.DemoApps.TimeSeriesFromDFS2", "TimeSeriesFromDFS2\HydroNumerics.DemoApps.TimeSeriesFromDFS2.csproj", "{2D7F9B76-351E-45A3-8162-3FAEB111ED85}"
EndProject
Project("{FAE04EC0-301F-11D3-BF4B-00C04F79EFBC}") = "BuildChangesFromShapes", "BuildChangesFromShapes\BuildChangesFromShapes.csproj", "{F96DDC1D-17CB-4E7E-BA56-2837EE1C360E}"
EndProject
Global
	GlobalSection(SolutionConfigurationPlatforms) = preSolution
		Debug|Any CPU = Debug|Any CPU
		Release|Any CPU = Release|Any CPU
	EndGlobalSection
	GlobalSection(ProjectConfigurationPlatforms) = postSolution
		{2D7F9B76-351E-45A3-8162-3FAEB111ED85}.Debug|Any CPU.ActiveCfg = Debug|x86
		{2D7F9B76-351E-45A3-8162-3FAEB111ED85}.Debug|Any CPU.Build.0 = Debug|x86
		{2D7F9B76-351E-45A3-8162-3FAEB111ED85}.Release|Any CPU.ActiveCfg = Release|Any CPU
		{2D7F9B76-351E-45A3-8162-3FAEB111ED85}.Release|Any CPU.Build.0 = Release|Any CPU
		{F96DDC1D-17CB-4E7E-BA56-2837EE1C360E}.Debug|Any CPU.ActiveCfg = Debug|x86
		{F96DDC1D-17CB-4E7E-BA56-2837EE1C360E}.Debug|Any CPU.Build.0 = Debug|x86
		{F96DDC1D-17CB-4E7E-BA56-2837EE1C360E}.Release|Any CPU.ActiveCfg = Release|Any CPU
		{F96DDC1D-17CB-4E7E-BA56-2837EE1C360E}.Release|Any CPU.Build.0 = Release|Any CPU
	EndGlobalSection
	GlobalSection(SolutionProperties) = preSolution
		HideSolutionNode = FALSE
	EndGlobalSection
EndGlobal
