
Microsoft Visual Studio Solution File, Format Version 10.00
# Visual Studio 2008
Project("{FAE04EC0-301F-11D3-BF4B-00C04F79EFBC}") = "ClassLibrary1", "ClassLibrary1\ClassLibrary1.csproj", "{D7DB16F5-FD8A-484F-9739-6558EC18891D}"
EndProject
Project("{FAE04EC0-301F-11D3-BF4B-00C04F79EFBC}") = "HydroNumerics.Geometry", "..\..\Geometry\HydroNumerics.Geometry.csproj", "{509C73FF-72DC-4E94-9E84-C220EAB3FA48}"
EndProject
Project("{FAE04EC0-301F-11D3-BF4B-00C04F79EFBC}") = "HydroNumerics.Time.Core", "..\..\Time\Core\HydroNumerics.Time.Core.csproj", "{181EB148-5C8B-4ACD-893E-747B34A13BBE}"
EndProject
Global
	GlobalSection(SolutionConfigurationPlatforms) = preSolution
		Debug|Any CPU = Debug|Any CPU
		Debug|x86 = Debug|x86
		Release|Any CPU = Release|Any CPU
		Release|x86 = Release|x86
	EndGlobalSection
	GlobalSection(ProjectConfigurationPlatforms) = postSolution
		{D7DB16F5-FD8A-484F-9739-6558EC18891D}.Debug|Any CPU.ActiveCfg = Debug|Any CPU
		{D7DB16F5-FD8A-484F-9739-6558EC18891D}.Debug|Any CPU.Build.0 = Debug|Any CPU
		{D7DB16F5-FD8A-484F-9739-6558EC18891D}.Debug|x86.ActiveCfg = Debug|Any CPU
		{D7DB16F5-FD8A-484F-9739-6558EC18891D}.Release|Any CPU.ActiveCfg = Release|Any CPU
		{D7DB16F5-FD8A-484F-9739-6558EC18891D}.Release|Any CPU.Build.0 = Release|Any CPU
		{D7DB16F5-FD8A-484F-9739-6558EC18891D}.Release|x86.ActiveCfg = Release|Any CPU
		{509C73FF-72DC-4E94-9E84-C220EAB3FA48}.Debug|Any CPU.ActiveCfg = Debug|Any CPU
		{509C73FF-72DC-4E94-9E84-C220EAB3FA48}.Debug|Any CPU.Build.0 = Debug|Any CPU
		{509C73FF-72DC-4E94-9E84-C220EAB3FA48}.Debug|x86.ActiveCfg = Debug|Any CPU
		{509C73FF-72DC-4E94-9E84-C220EAB3FA48}.Release|Any CPU.ActiveCfg = Release|Any CPU
		{509C73FF-72DC-4E94-9E84-C220EAB3FA48}.Release|Any CPU.Build.0 = Release|Any CPU
		{509C73FF-72DC-4E94-9E84-C220EAB3FA48}.Release|x86.ActiveCfg = Release|Any CPU
		{181EB148-5C8B-4ACD-893E-747B34A13BBE}.Debug|Any CPU.ActiveCfg = Debug|Any CPU
		{181EB148-5C8B-4ACD-893E-747B34A13BBE}.Debug|Any CPU.Build.0 = Debug|Any CPU
		{181EB148-5C8B-4ACD-893E-747B34A13BBE}.Debug|x86.ActiveCfg = Debug|x86
		{181EB148-5C8B-4ACD-893E-747B34A13BBE}.Debug|x86.Build.0 = Debug|x86
		{181EB148-5C8B-4ACD-893E-747B34A13BBE}.Release|Any CPU.ActiveCfg = Release|Any CPU
		{181EB148-5C8B-4ACD-893E-747B34A13BBE}.Release|Any CPU.Build.0 = Release|Any CPU
		{181EB148-5C8B-4ACD-893E-747B34A13BBE}.Release|x86.ActiveCfg = Release|x86
		{181EB148-5C8B-4ACD-893E-747B34A13BBE}.Release|x86.Build.0 = Release|x86
	EndGlobalSection
	GlobalSection(SolutionProperties) = preSolution
		HideSolutionNode = FALSE
	EndGlobalSection
EndGlobal
