
Microsoft Visual Studio Solution File, Format Version 11.00
# Visual Studio 2010
Project("{2150E333-8FDC-42A3-9474-1A3956D46DE8}") = "Solution Items", "Solution Items", "{2B109792-4955-4923-A515-F7C3C6E6F8DA}"
	ProjectSection(SolutionItems) = preProject
		LocalTestRun.testrunconfig = LocalTestRun.testrunconfig
		MikeSheTools.vsmdi = MikeSheTools.vsmdi
		MikeSheTools1.vsmdi = MikeSheTools1.vsmdi
	EndProjectSection
EndProject
Project("{FAE04EC0-301F-11D3-BF4B-00C04F79EFBC}") = "HydroNumerics.MikeSheTools.DFS.UnitTest", "DFS\UnitTest\HydroNumerics.MikeSheTools.DFS.UnitTest.csproj", "{D24FCC4F-A30C-4A80-97C8-123721999E6C}"
EndProject
Project("{FAE04EC0-301F-11D3-BF4B-00C04F79EFBC}") = "HydroNumerics.MikeSheTools.DFS", "DFS\HydroNumerics.MikeSheTools.DFS.csproj", "{147E30A8-47DE-4F52-B4AB-C040C76C78D9}"
EndProject
Project("{FAE04EC0-301F-11D3-BF4B-00C04F79EFBC}") = "HydroNumerics.MikeSheTools.Core", "Core\HydroNumerics.MikeSheTools.Core.csproj", "{BBEB9586-9836-4E2E-83AA-88740E58C071}"
EndProject
Project("{FAE04EC0-301F-11D3-BF4B-00C04F79EFBC}") = "HydroNumerics.MikeSheTools.LayerStatistics", "LayerStatistics\HydroNumerics.MikeSheTools.LayerStatistics.csproj", "{7AAE7373-8375-412A-9FB6-C717C06AB596}"
EndProject
Project("{FAE04EC0-301F-11D3-BF4B-00C04F79EFBC}") = "HydroNumerics.MikeSheTools.PFS", "PFS\HydroNumerics.MikeSheTools.PFS.csproj", "{29D43AF5-8C5D-46D4-B81B-37FB35080914}"
EndProject
Project("{FAE04EC0-301F-11D3-BF4B-00C04F79EFBC}") = "HydroNumerics.MikeSheTools.Irrigation", "Irrigation\HydroNumerics.MikeSheTools.Irrigation.csproj", "{EBB12A6D-76AF-4AA5-8E00-50B8CCCFE59E}"
EndProject
Project("{FAE04EC0-301F-11D3-BF4B-00C04F79EFBC}") = "HydroNumerics.MikeSheTools.Core.UnitTest", "Core\UnitTest\HydroNumerics.MikeSheTools.Core.UnitTest.csproj", "{B6D3E54E-6F83-44E7-8991-8BF42EABA3F1}"
EndProject
Project("{FAE04EC0-301F-11D3-BF4B-00C04F79EFBC}") = "HydroNumerics.MikeSheTools.Irrigation.UnitTest", "Irrigation\UnitTest\HydroNumerics.MikeSheTools.Irrigation.UnitTest.csproj", "{8661C75D-5F4E-4CD1-9F0D-E325FFA853E6}"
EndProject
Project("{FAE04EC0-301F-11D3-BF4B-00C04F79EFBC}") = "HydroNumerics.Wells", "..\Wells\HydroNumerics.Wells\HydroNumerics.Wells.csproj", "{F62868D7-63C1-4179-81AD-8834C0BF1AB8}"
EndProject
Project("{FAE04EC0-301F-11D3-BF4B-00C04F79EFBC}") = "HydroNumerics.JupiterTools", "..\JupiterTools\HydroNumerics.JupiterTools.csproj", "{F5F6EDAA-33D7-477B-9B20-513BF3D2B9A5}"
EndProject
Project("{FAE04EC0-301F-11D3-BF4B-00C04F79EFBC}") = "HydroNumerics.MikeSheTools.LayerStatistics.UnitTest", "LayerStatistics\UnitTest\HydroNumerics.MikeSheTools.LayerStatistics.UnitTest.csproj", "{87690BDE-D176-4C34-9C3D-ED72F84C7511}"
EndProject
Project("{FAE04EC0-301F-11D3-BF4B-00C04F79EFBC}") = "HydroNumerics.Time.Core", "..\Time\Core\HydroNumerics.Time.Core.csproj", "{181EB148-5C8B-4ACD-893E-747B34A13BBE}"
EndProject
Project("{FAE04EC0-301F-11D3-BF4B-00C04F79EFBC}") = "HydroNumerics.MikeSheTools.ViewModel", "ViewModel\HydroNumerics.MikeSheTools.ViewModel.csproj", "{EF6DEDB5-E6E4-45CB-AB35-A0ACB112DC8F}"
EndProject
Project("{FAE04EC0-301F-11D3-BF4B-00C04F79EFBC}") = "HydroNumerics.MikeSheTools.ViewModel.UnitTest", "ViewModel\UnitTest\HydroNumerics.MikeSheTools.ViewModel.UnitTest.csproj", "{51389D25-34C2-4239-959C-5FA97812E6A9}"
EndProject
Project("{FAE04EC0-301F-11D3-BF4B-00C04F79EFBC}") = "HydroNumerics.Core", "..\Core\HydroNumerics.Core.csproj", "{05EBC096-5A59-4484-84ED-D478C83BEA11}"
EndProject
Project("{FAE04EC0-301F-11D3-BF4B-00C04F79EFBC}") = "HydroNumerics.MikeSheTools.PFS.UnitTest", "PFS\UnitTest\HydroNumerics.MikeSheTools.PFS.UnitTest\HydroNumerics.MikeSheTools.PFS.UnitTest.csproj", "{C60C56C7-95E6-4426-8C7A-1A6809E459DB}"
EndProject
Project("{FAE04EC0-301F-11D3-BF4B-00C04F79EFBC}") = "HydroNumerics.MikeSheTools.Mike11", "Mike11\HydroNumerics.MikeSheTools.Mike11.csproj", "{BDF9C59C-654B-4E58-B81C-12FA28195081}"
EndProject
Project("{FAE04EC0-301F-11D3-BF4B-00C04F79EFBC}") = "HydroNumerics.MikeSheTools.Mike11.UnitTest", "Mike11\UnitTest\HydroNumerics.MikeSheTools.Mike11.UnitTest.csproj", "{3FF4AEFA-9F98-4072-AB8A-8140987B3954}"
EndProject
Project("{FAE04EC0-301F-11D3-BF4B-00C04F79EFBC}") = "HydroNumerics.MikeSheTools.Mike11View", "Mike11View\HydroNumerics.MikeSheTools.Mike11View\HydroNumerics.MikeSheTools.Mike11View.csproj", "{890E472F-0128-4346-99F1-80DBA4716787}"
EndProject
Project("{FAE04EC0-301F-11D3-BF4B-00C04F79EFBC}") = "HydroNumerics.JupiterTools.JupiterPlus", "..\JupiterTools\JupiterPlus\HydroNumerics.JupiterTools.JupiterPlus.csproj", "{547A0CCC-1B59-4CE9-81E4-84B032192AE6}"
EndProject
Project("{FAE04EC0-301F-11D3-BF4B-00C04F79EFBC}") = "DFS2FromAscii", "..\DemoApps\DFS2FromAscii\DFS2FromAscii.csproj", "{8A02D577-3925-46E3-803F-25809B8FE2AB}"
EndProject
Project("{FAE04EC0-301F-11D3-BF4B-00C04F79EFBC}") = "HydroNumerics.MikeSheTools.WellViewer", "WellViewer\HydroNumerics.MikeSheTools.WellViewer.csproj", "{02AB4620-039D-45CF-9984-BEBDB24CCC40}"
EndProject
Project("{FAE04EC0-301F-11D3-BF4B-00C04F79EFBC}") = "GridTools", "GridTools\GridTools.csproj", "{7432A028-73E5-4932-83DE-01ED6ACB6898}"
EndProject
Project("{FAE04EC0-301F-11D3-BF4B-00C04F79EFBC}") = "GridTools.UnitTest", "GridTools\GridTools.UnitTest\GridTools.UnitTest.csproj", "{535FFD0A-C090-459B-A701-B8CD55451565}"
EndProject
Project("{FAE04EC0-301F-11D3-BF4B-00C04F79EFBC}") = "HydroNumerics.Geometry.Shapes", "..\Geometry\Shapes\HydroNumerics.Geometry.Shapes.csproj", "{533D9D61-A466-4038-95A8-96CD82842B09}"
EndProject
Project("{FAE04EC0-301F-11D3-BF4B-00C04F79EFBC}") = "HydroNumerics.Geometry", "..\Geometry\HydroNumerics.Geometry.csproj", "{509C73FF-72DC-4E94-9E84-C220EAB3FA48}"
EndProject
Project("{FAE04EC0-301F-11D3-BF4B-00C04F79EFBC}") = "HydroNumerics.MikeSheTools.ScenarioController", "ScenarioController\HydroNumerics.MikeSheTools.ScenarioController.csproj", "{88A29C94-E9E9-470F-BB59-5D83C3797DCD}"
EndProject
Project("{2150E333-8FDC-42A3-9474-1A3956D46DE8}") = "Examples", "Examples", "{874B8D4C-F213-4658-99A9-4E7BABA56815}"
EndProject
Project("{FAE04EC0-301F-11D3-BF4B-00C04F79EFBC}") = "HydroNumerics.View3d", "..\DemoApps\View3d\HydroNumerics.View3d\HydroNumerics.View3d\HydroNumerics.View3d.csproj", "{641DE114-CD5B-42C7-A8F2-D7989172D099}"
EndProject
Project("{FAE04EC0-301F-11D3-BF4B-00C04F79EFBC}") = "Dfs2TxtMerger", "..\DemoApps\DFS2TxtMerger\Dfs2TxtMerger.csproj", "{265DA691-C86C-4752-ABE0-46A6B480D66A}"
EndProject
Project("{FAE04EC0-301F-11D3-BF4B-00C04F79EFBC}") = "DfsItemChanger", "..\DemoApps\DfsItemChanger\DfsItemChanger.csproj", "{641A6740-97C5-4F65-9575-8360D961DF9E}"
EndProject
Project("{FAE04EC0-301F-11D3-BF4B-00C04F79EFBC}") = "MultiplyDfs0AndAscii", "..\DemoApps\MultiplyDfs0AndAscii\MultiplyDfs0AndAscii.csproj", "{98F3AC42-EFD4-4BCB-AFEA-28B1BA8C64CA}"
EndProject
Project("{FAE04EC0-301F-11D3-BF4B-00C04F79EFBC}") = "Res11ToShape", "..\DemoApps\Res11ToShape\Res11ToShape.csproj", "{D75F3FAF-CDE1-498E-A736-D0B0DD5ABF5D}"
EndProject
Project("{FAE04EC0-301F-11D3-BF4B-00C04F79EFBC}") = "HydroNumerics.Core.WPF", "Core\WPF\HydroNumerics.Core.WPF\HydroNumerics.Core.WPF.csproj", "{1028A511-260B-4D9F-8560-A9D6BE14DDAA}"
EndProject
Project("{FAE04EC0-301F-11D3-BF4B-00C04F79EFBC}") = "QStationReader", "..\DemoApps\QStationReader\QStationReader.csproj", "{168419FB-10F6-4B26-A122-9B0397F5AB8F}"
EndProject
Project("{54435603-DBB4-11D2-8724-00A0C9A8B90C}") = "Installer", "Installer\Installer.vdproj", "{E98C1650-9FD1-45B7-9EC4-5580D27B9B18}"
EndProject
Project("{FAE04EC0-301F-11D3-BF4B-00C04F79EFBC}") = "SetDeleteValues", "..\DemoApps\SetDeleteValues\SetDeleteValues.csproj", "{097302C6-2248-4033-BE02-CE5A06EFEDFD}"
EndProject
Project("{FAE04EC0-301F-11D3-BF4B-00C04F79EFBC}") = "PhreaticCalculator", "..\DemoApps\PhreaticCalculator\PhreaticCalculator.csproj", "{BD83E802-698B-4417-8FCC-E430374EF9F2}"
EndProject
Project("{FAE04EC0-301F-11D3-BF4B-00C04F79EFBC}") = "HydroNumerics.OpenMI.MikeShe", "OpenMI\HydroNumerics.OpenMI.MikeShe\HydroNumerics.OpenMI.MikeShe.csproj", "{7DDFE888-CA2D-47E8-ACA6-465DBBB9DA57}"
EndProject
Project("{FAE04EC0-301F-11D3-BF4B-00C04F79EFBC}") = "HydroNumerics.MikeSheTools.MikeUrban", "MikeUrban\HydroNumerics.MikeSheTools.MikeUrban\HydroNumerics.MikeSheTools.MikeUrban.csproj", "{1A9C3865-8EF8-4EC5-83E4-703A5A82465B}"
EndProject
Project("{FAE04EC0-301F-11D3-BF4B-00C04F79EFBC}") = "HydroNumerics.Geometry.Net", "..\Geometry\Net\HydroNumerics.Geometry.Net\HydroNumerics.Geometry.Net.csproj", "{0D9D7820-1C3C-4796-8D02-A15EE3CD90E8}"
EndProject
Project("{FAE04EC0-301F-11D3-BF4B-00C04F79EFBC}") = "HydroNumerics.Core.WPF.Test", "Core\WPF\HydroNumerics.Core.WPF.Test\HydroNumerics.Core.WPF.Test.csproj", "{F6532C06-F489-42D7-A9CD-4B5925EE4363}"
EndProject
Project("{FAE04EC0-301F-11D3-BF4B-00C04F79EFBC}") = "DynamicDataDisplay", "..\..\ThirdPartySoftware\DynamicDataDisplay\WPF\Stable\v0.3.1\src\DynamicDataDisplay\DynamicDataDisplay.csproj", "{ECD37682-DF7E-409F-912D-0965634556B5}"
EndProject
Global
	GlobalSection(SubversionScc) = preSolution
		Svn-Managed = True
		Manager = AnkhSVN - Subversion Support for Visual Studio
	EndGlobalSection
	GlobalSection(TestCaseManagementSettings) = postSolution
		CategoryFile = MikeSheTools1.vsmdi
	EndGlobalSection
	GlobalSection(SolutionConfigurationPlatforms) = preSolution
		Debug|Any CPU = Debug|Any CPU
		Debug|Mixed Platforms = Debug|Mixed Platforms
		Debug|x86 = Debug|x86
		Release|Any CPU = Release|Any CPU
		Release|Mixed Platforms = Release|Mixed Platforms
		Release|x86 = Release|x86
	EndGlobalSection
	GlobalSection(ProjectConfigurationPlatforms) = postSolution
		{D24FCC4F-A30C-4A80-97C8-123721999E6C}.Debug|Any CPU.ActiveCfg = Debug|Any CPU
		{D24FCC4F-A30C-4A80-97C8-123721999E6C}.Debug|Any CPU.Build.0 = Debug|Any CPU
		{D24FCC4F-A30C-4A80-97C8-123721999E6C}.Debug|Mixed Platforms.ActiveCfg = Debug|Any CPU
		{D24FCC4F-A30C-4A80-97C8-123721999E6C}.Debug|Mixed Platforms.Build.0 = Debug|Any CPU
		{D24FCC4F-A30C-4A80-97C8-123721999E6C}.Debug|x86.ActiveCfg = Debug|Any CPU
		{D24FCC4F-A30C-4A80-97C8-123721999E6C}.Debug|x86.Build.0 = Debug|Any CPU
		{D24FCC4F-A30C-4A80-97C8-123721999E6C}.Release|Any CPU.ActiveCfg = Release|Any CPU
		{D24FCC4F-A30C-4A80-97C8-123721999E6C}.Release|Any CPU.Build.0 = Release|Any CPU
		{D24FCC4F-A30C-4A80-97C8-123721999E6C}.Release|Mixed Platforms.ActiveCfg = Release|Any CPU
		{D24FCC4F-A30C-4A80-97C8-123721999E6C}.Release|Mixed Platforms.Build.0 = Release|Any CPU
		{D24FCC4F-A30C-4A80-97C8-123721999E6C}.Release|x86.ActiveCfg = Release|Any CPU
		{D24FCC4F-A30C-4A80-97C8-123721999E6C}.Release|x86.Build.0 = Release|Any CPU
		{147E30A8-47DE-4F52-B4AB-C040C76C78D9}.Debug|Any CPU.ActiveCfg = Debug|Any CPU
		{147E30A8-47DE-4F52-B4AB-C040C76C78D9}.Debug|Any CPU.Build.0 = Debug|Any CPU
		{147E30A8-47DE-4F52-B4AB-C040C76C78D9}.Debug|Mixed Platforms.ActiveCfg = Debug|x86
		{147E30A8-47DE-4F52-B4AB-C040C76C78D9}.Debug|Mixed Platforms.Build.0 = Debug|x86
		{147E30A8-47DE-4F52-B4AB-C040C76C78D9}.Debug|x86.ActiveCfg = Debug|x86
		{147E30A8-47DE-4F52-B4AB-C040C76C78D9}.Debug|x86.Build.0 = Debug|x86
		{147E30A8-47DE-4F52-B4AB-C040C76C78D9}.Release|Any CPU.ActiveCfg = Release|Any CPU
		{147E30A8-47DE-4F52-B4AB-C040C76C78D9}.Release|Any CPU.Build.0 = Release|Any CPU
		{147E30A8-47DE-4F52-B4AB-C040C76C78D9}.Release|Mixed Platforms.ActiveCfg = Release|x86
		{147E30A8-47DE-4F52-B4AB-C040C76C78D9}.Release|Mixed Platforms.Build.0 = Release|x86
		{147E30A8-47DE-4F52-B4AB-C040C76C78D9}.Release|x86.ActiveCfg = Release|x86
		{147E30A8-47DE-4F52-B4AB-C040C76C78D9}.Release|x86.Build.0 = Release|x86
		{BBEB9586-9836-4E2E-83AA-88740E58C071}.Debug|Any CPU.ActiveCfg = Debug|Any CPU
		{BBEB9586-9836-4E2E-83AA-88740E58C071}.Debug|Any CPU.Build.0 = Debug|Any CPU
		{BBEB9586-9836-4E2E-83AA-88740E58C071}.Debug|Mixed Platforms.ActiveCfg = Debug|x86
		{BBEB9586-9836-4E2E-83AA-88740E58C071}.Debug|Mixed Platforms.Build.0 = Debug|x86
		{BBEB9586-9836-4E2E-83AA-88740E58C071}.Debug|x86.ActiveCfg = Debug|x86
		{BBEB9586-9836-4E2E-83AA-88740E58C071}.Debug|x86.Build.0 = Debug|x86
		{BBEB9586-9836-4E2E-83AA-88740E58C071}.Release|Any CPU.ActiveCfg = Release|Any CPU
		{BBEB9586-9836-4E2E-83AA-88740E58C071}.Release|Any CPU.Build.0 = Release|Any CPU
		{BBEB9586-9836-4E2E-83AA-88740E58C071}.Release|Mixed Platforms.ActiveCfg = Release|x86
		{BBEB9586-9836-4E2E-83AA-88740E58C071}.Release|Mixed Platforms.Build.0 = Release|x86
		{BBEB9586-9836-4E2E-83AA-88740E58C071}.Release|x86.ActiveCfg = Release|x86
		{BBEB9586-9836-4E2E-83AA-88740E58C071}.Release|x86.Build.0 = Release|x86
		{7AAE7373-8375-412A-9FB6-C717C06AB596}.Debug|Any CPU.ActiveCfg = Debug|Any CPU
		{7AAE7373-8375-412A-9FB6-C717C06AB596}.Debug|Any CPU.Build.0 = Debug|Any CPU
		{7AAE7373-8375-412A-9FB6-C717C06AB596}.Debug|Mixed Platforms.ActiveCfg = Debug|x86
		{7AAE7373-8375-412A-9FB6-C717C06AB596}.Debug|Mixed Platforms.Build.0 = Debug|x86
		{7AAE7373-8375-412A-9FB6-C717C06AB596}.Debug|x86.ActiveCfg = Debug|x86
		{7AAE7373-8375-412A-9FB6-C717C06AB596}.Debug|x86.Build.0 = Debug|x86
		{7AAE7373-8375-412A-9FB6-C717C06AB596}.Release|Any CPU.ActiveCfg = Release|Any CPU
		{7AAE7373-8375-412A-9FB6-C717C06AB596}.Release|Any CPU.Build.0 = Release|Any CPU
		{7AAE7373-8375-412A-9FB6-C717C06AB596}.Release|Mixed Platforms.ActiveCfg = Release|x86
		{7AAE7373-8375-412A-9FB6-C717C06AB596}.Release|Mixed Platforms.Build.0 = Release|x86
		{7AAE7373-8375-412A-9FB6-C717C06AB596}.Release|x86.ActiveCfg = Release|x86
		{7AAE7373-8375-412A-9FB6-C717C06AB596}.Release|x86.Build.0 = Release|x86
		{29D43AF5-8C5D-46D4-B81B-37FB35080914}.Debug|Any CPU.ActiveCfg = Debug|Any CPU
		{29D43AF5-8C5D-46D4-B81B-37FB35080914}.Debug|Any CPU.Build.0 = Debug|Any CPU
		{29D43AF5-8C5D-46D4-B81B-37FB35080914}.Debug|Mixed Platforms.ActiveCfg = Debug|x86
		{29D43AF5-8C5D-46D4-B81B-37FB35080914}.Debug|Mixed Platforms.Build.0 = Debug|x86
		{29D43AF5-8C5D-46D4-B81B-37FB35080914}.Debug|x86.ActiveCfg = Debug|x86
		{29D43AF5-8C5D-46D4-B81B-37FB35080914}.Debug|x86.Build.0 = Debug|x86
		{29D43AF5-8C5D-46D4-B81B-37FB35080914}.Release|Any CPU.ActiveCfg = Release|Any CPU
		{29D43AF5-8C5D-46D4-B81B-37FB35080914}.Release|Any CPU.Build.0 = Release|Any CPU
		{29D43AF5-8C5D-46D4-B81B-37FB35080914}.Release|Mixed Platforms.ActiveCfg = Release|x86
		{29D43AF5-8C5D-46D4-B81B-37FB35080914}.Release|Mixed Platforms.Build.0 = Release|x86
		{29D43AF5-8C5D-46D4-B81B-37FB35080914}.Release|x86.ActiveCfg = Release|x86
		{29D43AF5-8C5D-46D4-B81B-37FB35080914}.Release|x86.Build.0 = Release|x86
		{EBB12A6D-76AF-4AA5-8E00-50B8CCCFE59E}.Debug|Any CPU.ActiveCfg = Release|Any CPU
		{EBB12A6D-76AF-4AA5-8E00-50B8CCCFE59E}.Debug|Any CPU.Build.0 = Release|Any CPU
		{EBB12A6D-76AF-4AA5-8E00-50B8CCCFE59E}.Debug|Mixed Platforms.ActiveCfg = Debug|x86
		{EBB12A6D-76AF-4AA5-8E00-50B8CCCFE59E}.Debug|Mixed Platforms.Build.0 = Debug|x86
		{EBB12A6D-76AF-4AA5-8E00-50B8CCCFE59E}.Debug|x86.ActiveCfg = Debug|x86
		{EBB12A6D-76AF-4AA5-8E00-50B8CCCFE59E}.Debug|x86.Build.0 = Debug|x86
		{EBB12A6D-76AF-4AA5-8E00-50B8CCCFE59E}.Release|Any CPU.ActiveCfg = Release|Any CPU
		{EBB12A6D-76AF-4AA5-8E00-50B8CCCFE59E}.Release|Any CPU.Build.0 = Release|Any CPU
		{EBB12A6D-76AF-4AA5-8E00-50B8CCCFE59E}.Release|Mixed Platforms.ActiveCfg = Release|x86
		{EBB12A6D-76AF-4AA5-8E00-50B8CCCFE59E}.Release|Mixed Platforms.Build.0 = Release|x86
		{EBB12A6D-76AF-4AA5-8E00-50B8CCCFE59E}.Release|x86.ActiveCfg = Release|x86
		{EBB12A6D-76AF-4AA5-8E00-50B8CCCFE59E}.Release|x86.Build.0 = Release|x86
		{B6D3E54E-6F83-44E7-8991-8BF42EABA3F1}.Debug|Any CPU.ActiveCfg = Debug|Any CPU
		{B6D3E54E-6F83-44E7-8991-8BF42EABA3F1}.Debug|Any CPU.Build.0 = Debug|Any CPU
		{B6D3E54E-6F83-44E7-8991-8BF42EABA3F1}.Debug|Mixed Platforms.ActiveCfg = Debug|Any CPU
		{B6D3E54E-6F83-44E7-8991-8BF42EABA3F1}.Debug|Mixed Platforms.Build.0 = Debug|Any CPU
		{B6D3E54E-6F83-44E7-8991-8BF42EABA3F1}.Debug|x86.ActiveCfg = Debug|Any CPU
		{B6D3E54E-6F83-44E7-8991-8BF42EABA3F1}.Debug|x86.Build.0 = Debug|Any CPU
		{B6D3E54E-6F83-44E7-8991-8BF42EABA3F1}.Release|Any CPU.ActiveCfg = Release|Any CPU
		{B6D3E54E-6F83-44E7-8991-8BF42EABA3F1}.Release|Any CPU.Build.0 = Release|Any CPU
		{B6D3E54E-6F83-44E7-8991-8BF42EABA3F1}.Release|Mixed Platforms.ActiveCfg = Release|Any CPU
		{B6D3E54E-6F83-44E7-8991-8BF42EABA3F1}.Release|Mixed Platforms.Build.0 = Release|Any CPU
		{B6D3E54E-6F83-44E7-8991-8BF42EABA3F1}.Release|x86.ActiveCfg = Release|Any CPU
		{B6D3E54E-6F83-44E7-8991-8BF42EABA3F1}.Release|x86.Build.0 = Release|Any CPU
		{8661C75D-5F4E-4CD1-9F0D-E325FFA853E6}.Debug|Any CPU.ActiveCfg = Debug|Any CPU
		{8661C75D-5F4E-4CD1-9F0D-E325FFA853E6}.Debug|Any CPU.Build.0 = Debug|Any CPU
		{8661C75D-5F4E-4CD1-9F0D-E325FFA853E6}.Debug|Mixed Platforms.ActiveCfg = Debug|x86
		{8661C75D-5F4E-4CD1-9F0D-E325FFA853E6}.Debug|Mixed Platforms.Build.0 = Debug|x86
		{8661C75D-5F4E-4CD1-9F0D-E325FFA853E6}.Debug|x86.ActiveCfg = Debug|x86
		{8661C75D-5F4E-4CD1-9F0D-E325FFA853E6}.Debug|x86.Build.0 = Debug|x86
		{8661C75D-5F4E-4CD1-9F0D-E325FFA853E6}.Release|Any CPU.ActiveCfg = Release|Any CPU
		{8661C75D-5F4E-4CD1-9F0D-E325FFA853E6}.Release|Any CPU.Build.0 = Release|Any CPU
		{8661C75D-5F4E-4CD1-9F0D-E325FFA853E6}.Release|Mixed Platforms.ActiveCfg = Release|x86
		{8661C75D-5F4E-4CD1-9F0D-E325FFA853E6}.Release|Mixed Platforms.Build.0 = Release|x86
		{8661C75D-5F4E-4CD1-9F0D-E325FFA853E6}.Release|x86.ActiveCfg = Release|Any CPU
		{8661C75D-5F4E-4CD1-9F0D-E325FFA853E6}.Release|x86.Build.0 = Release|Any CPU
		{F62868D7-63C1-4179-81AD-8834C0BF1AB8}.Debug|Any CPU.ActiveCfg = Debug|Any CPU
		{F62868D7-63C1-4179-81AD-8834C0BF1AB8}.Debug|Any CPU.Build.0 = Debug|Any CPU
		{F62868D7-63C1-4179-81AD-8834C0BF1AB8}.Debug|Mixed Platforms.ActiveCfg = Debug|x86
		{F62868D7-63C1-4179-81AD-8834C0BF1AB8}.Debug|Mixed Platforms.Build.0 = Debug|x86
		{F62868D7-63C1-4179-81AD-8834C0BF1AB8}.Debug|x86.ActiveCfg = Debug|x86
		{F62868D7-63C1-4179-81AD-8834C0BF1AB8}.Debug|x86.Build.0 = Debug|x86
		{F62868D7-63C1-4179-81AD-8834C0BF1AB8}.Release|Any CPU.ActiveCfg = Release|Any CPU
		{F62868D7-63C1-4179-81AD-8834C0BF1AB8}.Release|Any CPU.Build.0 = Release|Any CPU
		{F62868D7-63C1-4179-81AD-8834C0BF1AB8}.Release|Mixed Platforms.ActiveCfg = Release|x86
		{F62868D7-63C1-4179-81AD-8834C0BF1AB8}.Release|Mixed Platforms.Build.0 = Release|x86
		{F62868D7-63C1-4179-81AD-8834C0BF1AB8}.Release|x86.ActiveCfg = Release|x86
		{F62868D7-63C1-4179-81AD-8834C0BF1AB8}.Release|x86.Build.0 = Release|x86
		{F5F6EDAA-33D7-477B-9B20-513BF3D2B9A5}.Debug|Any CPU.ActiveCfg = Debug|x86
		{F5F6EDAA-33D7-477B-9B20-513BF3D2B9A5}.Debug|Any CPU.Build.0 = Debug|x86
		{F5F6EDAA-33D7-477B-9B20-513BF3D2B9A5}.Debug|Mixed Platforms.ActiveCfg = Debug|x86
		{F5F6EDAA-33D7-477B-9B20-513BF3D2B9A5}.Debug|Mixed Platforms.Build.0 = Debug|x86
		{F5F6EDAA-33D7-477B-9B20-513BF3D2B9A5}.Debug|x86.ActiveCfg = Debug|x86
		{F5F6EDAA-33D7-477B-9B20-513BF3D2B9A5}.Debug|x86.Build.0 = Debug|x86
		{F5F6EDAA-33D7-477B-9B20-513BF3D2B9A5}.Release|Any CPU.ActiveCfg = Release|Any CPU
		{F5F6EDAA-33D7-477B-9B20-513BF3D2B9A5}.Release|Any CPU.Build.0 = Release|Any CPU
		{F5F6EDAA-33D7-477B-9B20-513BF3D2B9A5}.Release|Mixed Platforms.ActiveCfg = Release|x86
		{F5F6EDAA-33D7-477B-9B20-513BF3D2B9A5}.Release|Mixed Platforms.Build.0 = Release|x86
		{F5F6EDAA-33D7-477B-9B20-513BF3D2B9A5}.Release|x86.ActiveCfg = Release|x86
		{F5F6EDAA-33D7-477B-9B20-513BF3D2B9A5}.Release|x86.Build.0 = Release|x86
		{87690BDE-D176-4C34-9C3D-ED72F84C7511}.Debug|Any CPU.ActiveCfg = Debug|Any CPU
		{87690BDE-D176-4C34-9C3D-ED72F84C7511}.Debug|Any CPU.Build.0 = Debug|Any CPU
		{87690BDE-D176-4C34-9C3D-ED72F84C7511}.Debug|Mixed Platforms.ActiveCfg = Debug|Any CPU
		{87690BDE-D176-4C34-9C3D-ED72F84C7511}.Debug|Mixed Platforms.Build.0 = Debug|Any CPU
		{87690BDE-D176-4C34-9C3D-ED72F84C7511}.Debug|x86.ActiveCfg = Debug|Any CPU
		{87690BDE-D176-4C34-9C3D-ED72F84C7511}.Debug|x86.Build.0 = Debug|Any CPU
		{87690BDE-D176-4C34-9C3D-ED72F84C7511}.Release|Any CPU.ActiveCfg = Release|Any CPU
		{87690BDE-D176-4C34-9C3D-ED72F84C7511}.Release|Any CPU.Build.0 = Release|Any CPU
		{87690BDE-D176-4C34-9C3D-ED72F84C7511}.Release|Mixed Platforms.ActiveCfg = Release|Any CPU
		{87690BDE-D176-4C34-9C3D-ED72F84C7511}.Release|Mixed Platforms.Build.0 = Release|Any CPU
		{87690BDE-D176-4C34-9C3D-ED72F84C7511}.Release|x86.ActiveCfg = Release|Any CPU
		{87690BDE-D176-4C34-9C3D-ED72F84C7511}.Release|x86.Build.0 = Release|Any CPU
		{181EB148-5C8B-4ACD-893E-747B34A13BBE}.Debug|Any CPU.ActiveCfg = Debug|Any CPU
		{181EB148-5C8B-4ACD-893E-747B34A13BBE}.Debug|Any CPU.Build.0 = Debug|Any CPU
		{181EB148-5C8B-4ACD-893E-747B34A13BBE}.Debug|Mixed Platforms.ActiveCfg = Debug|x86
		{181EB148-5C8B-4ACD-893E-747B34A13BBE}.Debug|Mixed Platforms.Build.0 = Debug|x86
		{181EB148-5C8B-4ACD-893E-747B34A13BBE}.Debug|x86.ActiveCfg = Debug|x86
		{181EB148-5C8B-4ACD-893E-747B34A13BBE}.Debug|x86.Build.0 = Debug|x86
		{181EB148-5C8B-4ACD-893E-747B34A13BBE}.Release|Any CPU.ActiveCfg = Release|Any CPU
		{181EB148-5C8B-4ACD-893E-747B34A13BBE}.Release|Any CPU.Build.0 = Release|Any CPU
		{181EB148-5C8B-4ACD-893E-747B34A13BBE}.Release|Mixed Platforms.ActiveCfg = Release|x86
		{181EB148-5C8B-4ACD-893E-747B34A13BBE}.Release|Mixed Platforms.Build.0 = Release|x86
		{181EB148-5C8B-4ACD-893E-747B34A13BBE}.Release|x86.ActiveCfg = Release|x86
		{181EB148-5C8B-4ACD-893E-747B34A13BBE}.Release|x86.Build.0 = Release|x86
		{EF6DEDB5-E6E4-45CB-AB35-A0ACB112DC8F}.Debug|Any CPU.ActiveCfg = Debug|Any CPU
		{EF6DEDB5-E6E4-45CB-AB35-A0ACB112DC8F}.Debug|Any CPU.Build.0 = Debug|Any CPU
		{EF6DEDB5-E6E4-45CB-AB35-A0ACB112DC8F}.Debug|Mixed Platforms.ActiveCfg = Debug|Any CPU
		{EF6DEDB5-E6E4-45CB-AB35-A0ACB112DC8F}.Debug|Mixed Platforms.Build.0 = Debug|Any CPU
		{EF6DEDB5-E6E4-45CB-AB35-A0ACB112DC8F}.Debug|x86.ActiveCfg = Debug|Any CPU
		{EF6DEDB5-E6E4-45CB-AB35-A0ACB112DC8F}.Debug|x86.Build.0 = Debug|Any CPU
		{EF6DEDB5-E6E4-45CB-AB35-A0ACB112DC8F}.Release|Any CPU.ActiveCfg = Release|Any CPU
		{EF6DEDB5-E6E4-45CB-AB35-A0ACB112DC8F}.Release|Any CPU.Build.0 = Release|Any CPU
		{EF6DEDB5-E6E4-45CB-AB35-A0ACB112DC8F}.Release|Mixed Platforms.ActiveCfg = Release|Any CPU
		{EF6DEDB5-E6E4-45CB-AB35-A0ACB112DC8F}.Release|Mixed Platforms.Build.0 = Release|Any CPU
		{EF6DEDB5-E6E4-45CB-AB35-A0ACB112DC8F}.Release|x86.ActiveCfg = Release|Any CPU
		{EF6DEDB5-E6E4-45CB-AB35-A0ACB112DC8F}.Release|x86.Build.0 = Release|Any CPU
		{51389D25-34C2-4239-959C-5FA97812E6A9}.Debug|Any CPU.ActiveCfg = Debug|Any CPU
		{51389D25-34C2-4239-959C-5FA97812E6A9}.Debug|Any CPU.Build.0 = Debug|Any CPU
		{51389D25-34C2-4239-959C-5FA97812E6A9}.Debug|Mixed Platforms.ActiveCfg = Debug|Any CPU
		{51389D25-34C2-4239-959C-5FA97812E6A9}.Debug|Mixed Platforms.Build.0 = Debug|Any CPU
		{51389D25-34C2-4239-959C-5FA97812E6A9}.Debug|x86.ActiveCfg = Debug|Any CPU
		{51389D25-34C2-4239-959C-5FA97812E6A9}.Debug|x86.Build.0 = Debug|Any CPU
		{51389D25-34C2-4239-959C-5FA97812E6A9}.Release|Any CPU.ActiveCfg = Release|Any CPU
		{51389D25-34C2-4239-959C-5FA97812E6A9}.Release|Any CPU.Build.0 = Release|Any CPU
		{51389D25-34C2-4239-959C-5FA97812E6A9}.Release|Mixed Platforms.ActiveCfg = Release|Any CPU
		{51389D25-34C2-4239-959C-5FA97812E6A9}.Release|Mixed Platforms.Build.0 = Release|Any CPU
		{51389D25-34C2-4239-959C-5FA97812E6A9}.Release|x86.ActiveCfg = Release|Any CPU
		{51389D25-34C2-4239-959C-5FA97812E6A9}.Release|x86.Build.0 = Release|Any CPU
		{05EBC096-5A59-4484-84ED-D478C83BEA11}.Debug|Any CPU.ActiveCfg = Debug|Any CPU
		{05EBC096-5A59-4484-84ED-D478C83BEA11}.Debug|Any CPU.Build.0 = Debug|Any CPU
		{05EBC096-5A59-4484-84ED-D478C83BEA11}.Debug|Mixed Platforms.ActiveCfg = Debug|x86
		{05EBC096-5A59-4484-84ED-D478C83BEA11}.Debug|Mixed Platforms.Build.0 = Debug|x86
		{05EBC096-5A59-4484-84ED-D478C83BEA11}.Debug|x86.ActiveCfg = Debug|x86
		{05EBC096-5A59-4484-84ED-D478C83BEA11}.Debug|x86.Build.0 = Debug|x86
		{05EBC096-5A59-4484-84ED-D478C83BEA11}.Release|Any CPU.ActiveCfg = Release|Any CPU
		{05EBC096-5A59-4484-84ED-D478C83BEA11}.Release|Any CPU.Build.0 = Release|Any CPU
		{05EBC096-5A59-4484-84ED-D478C83BEA11}.Release|Mixed Platforms.ActiveCfg = Release|x86
		{05EBC096-5A59-4484-84ED-D478C83BEA11}.Release|Mixed Platforms.Build.0 = Release|x86
		{05EBC096-5A59-4484-84ED-D478C83BEA11}.Release|x86.ActiveCfg = Release|x86
		{05EBC096-5A59-4484-84ED-D478C83BEA11}.Release|x86.Build.0 = Release|x86
		{C60C56C7-95E6-4426-8C7A-1A6809E459DB}.Debug|Any CPU.ActiveCfg = Debug|Any CPU
		{C60C56C7-95E6-4426-8C7A-1A6809E459DB}.Debug|Any CPU.Build.0 = Debug|Any CPU
		{C60C56C7-95E6-4426-8C7A-1A6809E459DB}.Debug|Mixed Platforms.ActiveCfg = Debug|Any CPU
		{C60C56C7-95E6-4426-8C7A-1A6809E459DB}.Debug|Mixed Platforms.Build.0 = Debug|Any CPU
		{C60C56C7-95E6-4426-8C7A-1A6809E459DB}.Debug|x86.ActiveCfg = Debug|Any CPU
		{C60C56C7-95E6-4426-8C7A-1A6809E459DB}.Debug|x86.Build.0 = Debug|Any CPU
		{C60C56C7-95E6-4426-8C7A-1A6809E459DB}.Release|Any CPU.ActiveCfg = Release|Any CPU
		{C60C56C7-95E6-4426-8C7A-1A6809E459DB}.Release|Any CPU.Build.0 = Release|Any CPU
		{C60C56C7-95E6-4426-8C7A-1A6809E459DB}.Release|Mixed Platforms.ActiveCfg = Release|Any CPU
		{C60C56C7-95E6-4426-8C7A-1A6809E459DB}.Release|Mixed Platforms.Build.0 = Release|Any CPU
		{C60C56C7-95E6-4426-8C7A-1A6809E459DB}.Release|x86.ActiveCfg = Release|Any CPU
		{C60C56C7-95E6-4426-8C7A-1A6809E459DB}.Release|x86.Build.0 = Release|Any CPU
		{BDF9C59C-654B-4E58-B81C-12FA28195081}.Debug|Any CPU.ActiveCfg = Debug|Any CPU
		{BDF9C59C-654B-4E58-B81C-12FA28195081}.Debug|Any CPU.Build.0 = Debug|Any CPU
		{BDF9C59C-654B-4E58-B81C-12FA28195081}.Debug|Mixed Platforms.ActiveCfg = Debug|x86
		{BDF9C59C-654B-4E58-B81C-12FA28195081}.Debug|Mixed Platforms.Build.0 = Debug|x86
		{BDF9C59C-654B-4E58-B81C-12FA28195081}.Debug|x86.ActiveCfg = Debug|x86
		{BDF9C59C-654B-4E58-B81C-12FA28195081}.Debug|x86.Build.0 = Debug|x86
		{BDF9C59C-654B-4E58-B81C-12FA28195081}.Release|Any CPU.ActiveCfg = Release|Any CPU
		{BDF9C59C-654B-4E58-B81C-12FA28195081}.Release|Any CPU.Build.0 = Release|Any CPU
		{BDF9C59C-654B-4E58-B81C-12FA28195081}.Release|Mixed Platforms.ActiveCfg = Release|x86
		{BDF9C59C-654B-4E58-B81C-12FA28195081}.Release|Mixed Platforms.Build.0 = Release|x86
		{BDF9C59C-654B-4E58-B81C-12FA28195081}.Release|x86.ActiveCfg = Release|x86
		{BDF9C59C-654B-4E58-B81C-12FA28195081}.Release|x86.Build.0 = Release|x86
		{3FF4AEFA-9F98-4072-AB8A-8140987B3954}.Debug|Any CPU.ActiveCfg = Debug|Any CPU
		{3FF4AEFA-9F98-4072-AB8A-8140987B3954}.Debug|Any CPU.Build.0 = Debug|Any CPU
		{3FF4AEFA-9F98-4072-AB8A-8140987B3954}.Debug|Mixed Platforms.ActiveCfg = Debug|Any CPU
		{3FF4AEFA-9F98-4072-AB8A-8140987B3954}.Debug|Mixed Platforms.Build.0 = Debug|Any CPU
		{3FF4AEFA-9F98-4072-AB8A-8140987B3954}.Debug|x86.ActiveCfg = Debug|Any CPU
		{3FF4AEFA-9F98-4072-AB8A-8140987B3954}.Debug|x86.Build.0 = Debug|Any CPU
		{3FF4AEFA-9F98-4072-AB8A-8140987B3954}.Release|Any CPU.ActiveCfg = Release|Any CPU
		{3FF4AEFA-9F98-4072-AB8A-8140987B3954}.Release|Any CPU.Build.0 = Release|Any CPU
		{3FF4AEFA-9F98-4072-AB8A-8140987B3954}.Release|Mixed Platforms.ActiveCfg = Release|Any CPU
		{3FF4AEFA-9F98-4072-AB8A-8140987B3954}.Release|Mixed Platforms.Build.0 = Release|Any CPU
		{3FF4AEFA-9F98-4072-AB8A-8140987B3954}.Release|x86.ActiveCfg = Release|Any CPU
		{3FF4AEFA-9F98-4072-AB8A-8140987B3954}.Release|x86.Build.0 = Release|Any CPU
		{890E472F-0128-4346-99F1-80DBA4716787}.Debug|Any CPU.ActiveCfg = Debug|Any CPU
		{890E472F-0128-4346-99F1-80DBA4716787}.Debug|Any CPU.Build.0 = Debug|Any CPU
		{890E472F-0128-4346-99F1-80DBA4716787}.Debug|Mixed Platforms.ActiveCfg = Debug|x86
		{890E472F-0128-4346-99F1-80DBA4716787}.Debug|Mixed Platforms.Build.0 = Debug|x86
		{890E472F-0128-4346-99F1-80DBA4716787}.Debug|x86.ActiveCfg = Debug|x86
		{890E472F-0128-4346-99F1-80DBA4716787}.Debug|x86.Build.0 = Debug|x86
		{890E472F-0128-4346-99F1-80DBA4716787}.Release|Any CPU.ActiveCfg = Release|Any CPU
		{890E472F-0128-4346-99F1-80DBA4716787}.Release|Any CPU.Build.0 = Release|Any CPU
		{890E472F-0128-4346-99F1-80DBA4716787}.Release|Mixed Platforms.ActiveCfg = Release|x86
		{890E472F-0128-4346-99F1-80DBA4716787}.Release|Mixed Platforms.Build.0 = Release|x86
		{890E472F-0128-4346-99F1-80DBA4716787}.Release|x86.ActiveCfg = Release|x86
		{890E472F-0128-4346-99F1-80DBA4716787}.Release|x86.Build.0 = Release|x86
		{547A0CCC-1B59-4CE9-81E4-84B032192AE6}.Debug|Any CPU.ActiveCfg = Debug|Any CPU
		{547A0CCC-1B59-4CE9-81E4-84B032192AE6}.Debug|Any CPU.Build.0 = Debug|Any CPU
		{547A0CCC-1B59-4CE9-81E4-84B032192AE6}.Debug|Mixed Platforms.ActiveCfg = Debug|x86
		{547A0CCC-1B59-4CE9-81E4-84B032192AE6}.Debug|Mixed Platforms.Build.0 = Debug|x86
		{547A0CCC-1B59-4CE9-81E4-84B032192AE6}.Debug|x86.ActiveCfg = Debug|x86
		{547A0CCC-1B59-4CE9-81E4-84B032192AE6}.Debug|x86.Build.0 = Debug|x86
		{547A0CCC-1B59-4CE9-81E4-84B032192AE6}.Release|Any CPU.ActiveCfg = Release|Any CPU
		{547A0CCC-1B59-4CE9-81E4-84B032192AE6}.Release|Any CPU.Build.0 = Release|Any CPU
		{547A0CCC-1B59-4CE9-81E4-84B032192AE6}.Release|Mixed Platforms.ActiveCfg = Release|x86
		{547A0CCC-1B59-4CE9-81E4-84B032192AE6}.Release|Mixed Platforms.Build.0 = Release|x86
		{547A0CCC-1B59-4CE9-81E4-84B032192AE6}.Release|x86.ActiveCfg = Release|x86
		{547A0CCC-1B59-4CE9-81E4-84B032192AE6}.Release|x86.Build.0 = Release|x86
		{8A02D577-3925-46E3-803F-25809B8FE2AB}.Debug|Any CPU.ActiveCfg = Debug|Any CPU
		{8A02D577-3925-46E3-803F-25809B8FE2AB}.Debug|Any CPU.Build.0 = Debug|Any CPU
		{8A02D577-3925-46E3-803F-25809B8FE2AB}.Debug|Mixed Platforms.ActiveCfg = Debug|x86
		{8A02D577-3925-46E3-803F-25809B8FE2AB}.Debug|Mixed Platforms.Build.0 = Debug|x86
		{8A02D577-3925-46E3-803F-25809B8FE2AB}.Debug|x86.ActiveCfg = Debug|x86
		{8A02D577-3925-46E3-803F-25809B8FE2AB}.Debug|x86.Build.0 = Debug|x86
		{8A02D577-3925-46E3-803F-25809B8FE2AB}.Release|Any CPU.ActiveCfg = Release|Any CPU
		{8A02D577-3925-46E3-803F-25809B8FE2AB}.Release|Any CPU.Build.0 = Release|Any CPU
		{8A02D577-3925-46E3-803F-25809B8FE2AB}.Release|Mixed Platforms.ActiveCfg = Release|x86
		{8A02D577-3925-46E3-803F-25809B8FE2AB}.Release|Mixed Platforms.Build.0 = Release|x86
		{8A02D577-3925-46E3-803F-25809B8FE2AB}.Release|x86.ActiveCfg = Release|x86
		{8A02D577-3925-46E3-803F-25809B8FE2AB}.Release|x86.Build.0 = Release|x86
		{02AB4620-039D-45CF-9984-BEBDB24CCC40}.Debug|Any CPU.ActiveCfg = Debug|x86
		{02AB4620-039D-45CF-9984-BEBDB24CCC40}.Debug|Mixed Platforms.ActiveCfg = Debug|x86
		{02AB4620-039D-45CF-9984-BEBDB24CCC40}.Debug|Mixed Platforms.Build.0 = Debug|x86
		{02AB4620-039D-45CF-9984-BEBDB24CCC40}.Debug|x86.ActiveCfg = Debug|x86
		{02AB4620-039D-45CF-9984-BEBDB24CCC40}.Debug|x86.Build.0 = Debug|x86
		{02AB4620-039D-45CF-9984-BEBDB24CCC40}.Release|Any CPU.ActiveCfg = Release|x86
		{02AB4620-039D-45CF-9984-BEBDB24CCC40}.Release|Mixed Platforms.ActiveCfg = Release|x86
		{02AB4620-039D-45CF-9984-BEBDB24CCC40}.Release|Mixed Platforms.Build.0 = Release|x86
		{02AB4620-039D-45CF-9984-BEBDB24CCC40}.Release|x86.ActiveCfg = Release|x86
		{02AB4620-039D-45CF-9984-BEBDB24CCC40}.Release|x86.Build.0 = Release|x86
		{7432A028-73E5-4932-83DE-01ED6ACB6898}.Debug|Any CPU.ActiveCfg = Debug|x86
		{7432A028-73E5-4932-83DE-01ED6ACB6898}.Debug|Mixed Platforms.ActiveCfg = Debug|x86
		{7432A028-73E5-4932-83DE-01ED6ACB6898}.Debug|Mixed Platforms.Build.0 = Debug|x86
		{7432A028-73E5-4932-83DE-01ED6ACB6898}.Debug|x86.ActiveCfg = Debug|x86
		{7432A028-73E5-4932-83DE-01ED6ACB6898}.Debug|x86.Build.0 = Debug|x86
		{7432A028-73E5-4932-83DE-01ED6ACB6898}.Release|Any CPU.ActiveCfg = Release|x86
		{7432A028-73E5-4932-83DE-01ED6ACB6898}.Release|Mixed Platforms.ActiveCfg = Release|x86
		{7432A028-73E5-4932-83DE-01ED6ACB6898}.Release|Mixed Platforms.Build.0 = Release|x86
		{7432A028-73E5-4932-83DE-01ED6ACB6898}.Release|x86.ActiveCfg = Release|x86
		{7432A028-73E5-4932-83DE-01ED6ACB6898}.Release|x86.Build.0 = Release|x86
		{535FFD0A-C090-459B-A701-B8CD55451565}.Debug|Any CPU.ActiveCfg = Debug|Any CPU
		{535FFD0A-C090-459B-A701-B8CD55451565}.Debug|Any CPU.Build.0 = Debug|Any CPU
		{535FFD0A-C090-459B-A701-B8CD55451565}.Debug|Mixed Platforms.ActiveCfg = Debug|Any CPU
		{535FFD0A-C090-459B-A701-B8CD55451565}.Debug|Mixed Platforms.Build.0 = Debug|Any CPU
		{535FFD0A-C090-459B-A701-B8CD55451565}.Debug|x86.ActiveCfg = Debug|Any CPU
		{535FFD0A-C090-459B-A701-B8CD55451565}.Debug|x86.Build.0 = Debug|Any CPU
		{535FFD0A-C090-459B-A701-B8CD55451565}.Release|Any CPU.ActiveCfg = Release|Any CPU
		{535FFD0A-C090-459B-A701-B8CD55451565}.Release|Any CPU.Build.0 = Release|Any CPU
		{535FFD0A-C090-459B-A701-B8CD55451565}.Release|Mixed Platforms.ActiveCfg = Release|Any CPU
		{535FFD0A-C090-459B-A701-B8CD55451565}.Release|Mixed Platforms.Build.0 = Release|Any CPU
		{535FFD0A-C090-459B-A701-B8CD55451565}.Release|x86.ActiveCfg = Release|Any CPU
		{535FFD0A-C090-459B-A701-B8CD55451565}.Release|x86.Build.0 = Release|Any CPU
		{533D9D61-A466-4038-95A8-96CD82842B09}.Debug|Any CPU.ActiveCfg = Debug|Any CPU
		{533D9D61-A466-4038-95A8-96CD82842B09}.Debug|Any CPU.Build.0 = Debug|Any CPU
		{533D9D61-A466-4038-95A8-96CD82842B09}.Debug|Mixed Platforms.ActiveCfg = Debug|x86
		{533D9D61-A466-4038-95A8-96CD82842B09}.Debug|Mixed Platforms.Build.0 = Debug|x86
		{533D9D61-A466-4038-95A8-96CD82842B09}.Debug|x86.ActiveCfg = Debug|x86
		{533D9D61-A466-4038-95A8-96CD82842B09}.Debug|x86.Build.0 = Debug|x86
		{533D9D61-A466-4038-95A8-96CD82842B09}.Release|Any CPU.ActiveCfg = Release|Any CPU
		{533D9D61-A466-4038-95A8-96CD82842B09}.Release|Any CPU.Build.0 = Release|Any CPU
		{533D9D61-A466-4038-95A8-96CD82842B09}.Release|Mixed Platforms.ActiveCfg = Release|x86
		{533D9D61-A466-4038-95A8-96CD82842B09}.Release|Mixed Platforms.Build.0 = Release|x86
		{533D9D61-A466-4038-95A8-96CD82842B09}.Release|x86.ActiveCfg = Release|x86
		{533D9D61-A466-4038-95A8-96CD82842B09}.Release|x86.Build.0 = Release|x86
		{509C73FF-72DC-4E94-9E84-C220EAB3FA48}.Debug|Any CPU.ActiveCfg = Debug|Any CPU
		{509C73FF-72DC-4E94-9E84-C220EAB3FA48}.Debug|Any CPU.Build.0 = Debug|Any CPU
		{509C73FF-72DC-4E94-9E84-C220EAB3FA48}.Debug|Mixed Platforms.ActiveCfg = Debug|x86
		{509C73FF-72DC-4E94-9E84-C220EAB3FA48}.Debug|Mixed Platforms.Build.0 = Debug|x86
		{509C73FF-72DC-4E94-9E84-C220EAB3FA48}.Debug|x86.ActiveCfg = Debug|x86
		{509C73FF-72DC-4E94-9E84-C220EAB3FA48}.Debug|x86.Build.0 = Debug|x86
		{509C73FF-72DC-4E94-9E84-C220EAB3FA48}.Release|Any CPU.ActiveCfg = Release|Any CPU
		{509C73FF-72DC-4E94-9E84-C220EAB3FA48}.Release|Any CPU.Build.0 = Release|Any CPU
		{509C73FF-72DC-4E94-9E84-C220EAB3FA48}.Release|Mixed Platforms.ActiveCfg = Release|x86
		{509C73FF-72DC-4E94-9E84-C220EAB3FA48}.Release|Mixed Platforms.Build.0 = Release|x86
		{509C73FF-72DC-4E94-9E84-C220EAB3FA48}.Release|x86.ActiveCfg = Release|x86
		{509C73FF-72DC-4E94-9E84-C220EAB3FA48}.Release|x86.Build.0 = Release|x86
		{88A29C94-E9E9-470F-BB59-5D83C3797DCD}.Debug|Any CPU.ActiveCfg = Debug|x86
		{88A29C94-E9E9-470F-BB59-5D83C3797DCD}.Debug|Mixed Platforms.ActiveCfg = Debug|x86
		{88A29C94-E9E9-470F-BB59-5D83C3797DCD}.Debug|Mixed Platforms.Build.0 = Debug|x86
		{88A29C94-E9E9-470F-BB59-5D83C3797DCD}.Debug|x86.ActiveCfg = Debug|x86
		{88A29C94-E9E9-470F-BB59-5D83C3797DCD}.Debug|x86.Build.0 = Debug|x86
		{88A29C94-E9E9-470F-BB59-5D83C3797DCD}.Release|Any CPU.ActiveCfg = Release|x86
		{88A29C94-E9E9-470F-BB59-5D83C3797DCD}.Release|Mixed Platforms.ActiveCfg = Release|x86
		{88A29C94-E9E9-470F-BB59-5D83C3797DCD}.Release|Mixed Platforms.Build.0 = Release|x86
		{88A29C94-E9E9-470F-BB59-5D83C3797DCD}.Release|x86.ActiveCfg = Release|x86
		{88A29C94-E9E9-470F-BB59-5D83C3797DCD}.Release|x86.Build.0 = Release|x86
		{641DE114-CD5B-42C7-A8F2-D7989172D099}.Debug|Any CPU.ActiveCfg = Debug|x86
		{641DE114-CD5B-42C7-A8F2-D7989172D099}.Debug|Mixed Platforms.ActiveCfg = Debug|x86
		{641DE114-CD5B-42C7-A8F2-D7989172D099}.Debug|Mixed Platforms.Build.0 = Debug|x86
		{641DE114-CD5B-42C7-A8F2-D7989172D099}.Debug|x86.ActiveCfg = Debug|x86
		{641DE114-CD5B-42C7-A8F2-D7989172D099}.Debug|x86.Build.0 = Debug|x86
		{641DE114-CD5B-42C7-A8F2-D7989172D099}.Release|Any CPU.ActiveCfg = Release|x86
		{641DE114-CD5B-42C7-A8F2-D7989172D099}.Release|Mixed Platforms.ActiveCfg = Release|x86
		{641DE114-CD5B-42C7-A8F2-D7989172D099}.Release|Mixed Platforms.Build.0 = Release|x86
		{641DE114-CD5B-42C7-A8F2-D7989172D099}.Release|x86.ActiveCfg = Release|x86
		{641DE114-CD5B-42C7-A8F2-D7989172D099}.Release|x86.Build.0 = Release|x86
		{265DA691-C86C-4752-ABE0-46A6B480D66A}.Debug|Any CPU.ActiveCfg = Debug|x86
		{265DA691-C86C-4752-ABE0-46A6B480D66A}.Debug|Mixed Platforms.ActiveCfg = Debug|x86
		{265DA691-C86C-4752-ABE0-46A6B480D66A}.Debug|Mixed Platforms.Build.0 = Debug|x86
		{265DA691-C86C-4752-ABE0-46A6B480D66A}.Debug|x86.ActiveCfg = Debug|x86
		{265DA691-C86C-4752-ABE0-46A6B480D66A}.Debug|x86.Build.0 = Debug|x86
		{265DA691-C86C-4752-ABE0-46A6B480D66A}.Release|Any CPU.ActiveCfg = Release|x86
		{265DA691-C86C-4752-ABE0-46A6B480D66A}.Release|Mixed Platforms.ActiveCfg = Release|x86
		{265DA691-C86C-4752-ABE0-46A6B480D66A}.Release|Mixed Platforms.Build.0 = Release|x86
		{265DA691-C86C-4752-ABE0-46A6B480D66A}.Release|x86.ActiveCfg = Release|x86
		{265DA691-C86C-4752-ABE0-46A6B480D66A}.Release|x86.Build.0 = Release|x86
		{641A6740-97C5-4F65-9575-8360D961DF9E}.Debug|Any CPU.ActiveCfg = Debug|x86
		{641A6740-97C5-4F65-9575-8360D961DF9E}.Debug|Mixed Platforms.ActiveCfg = Debug|x86
		{641A6740-97C5-4F65-9575-8360D961DF9E}.Debug|Mixed Platforms.Build.0 = Debug|x86
		{641A6740-97C5-4F65-9575-8360D961DF9E}.Debug|x86.ActiveCfg = Debug|x86
		{641A6740-97C5-4F65-9575-8360D961DF9E}.Debug|x86.Build.0 = Debug|x86
		{641A6740-97C5-4F65-9575-8360D961DF9E}.Release|Any CPU.ActiveCfg = Release|x86
		{641A6740-97C5-4F65-9575-8360D961DF9E}.Release|Mixed Platforms.ActiveCfg = Release|x86
		{641A6740-97C5-4F65-9575-8360D961DF9E}.Release|Mixed Platforms.Build.0 = Release|x86
		{641A6740-97C5-4F65-9575-8360D961DF9E}.Release|x86.ActiveCfg = Release|x86
		{641A6740-97C5-4F65-9575-8360D961DF9E}.Release|x86.Build.0 = Release|x86
		{98F3AC42-EFD4-4BCB-AFEA-28B1BA8C64CA}.Debug|Any CPU.ActiveCfg = Debug|Any CPU
		{98F3AC42-EFD4-4BCB-AFEA-28B1BA8C64CA}.Debug|Any CPU.Build.0 = Debug|Any CPU
		{98F3AC42-EFD4-4BCB-AFEA-28B1BA8C64CA}.Debug|Mixed Platforms.ActiveCfg = Debug|Any CPU
		{98F3AC42-EFD4-4BCB-AFEA-28B1BA8C64CA}.Debug|Mixed Platforms.Build.0 = Debug|Any CPU
		{98F3AC42-EFD4-4BCB-AFEA-28B1BA8C64CA}.Debug|x86.ActiveCfg = Debug|x86
		{98F3AC42-EFD4-4BCB-AFEA-28B1BA8C64CA}.Debug|x86.Build.0 = Debug|x86
		{98F3AC42-EFD4-4BCB-AFEA-28B1BA8C64CA}.Release|Any CPU.ActiveCfg = Release|Any CPU
		{98F3AC42-EFD4-4BCB-AFEA-28B1BA8C64CA}.Release|Any CPU.Build.0 = Release|Any CPU
		{98F3AC42-EFD4-4BCB-AFEA-28B1BA8C64CA}.Release|Mixed Platforms.ActiveCfg = Release|Any CPU
		{98F3AC42-EFD4-4BCB-AFEA-28B1BA8C64CA}.Release|Mixed Platforms.Build.0 = Release|Any CPU
		{98F3AC42-EFD4-4BCB-AFEA-28B1BA8C64CA}.Release|x86.ActiveCfg = Release|x86
		{98F3AC42-EFD4-4BCB-AFEA-28B1BA8C64CA}.Release|x86.Build.0 = Release|x86
		{D75F3FAF-CDE1-498E-A736-D0B0DD5ABF5D}.Debug|Any CPU.ActiveCfg = Debug|x86
		{D75F3FAF-CDE1-498E-A736-D0B0DD5ABF5D}.Debug|Mixed Platforms.ActiveCfg = Debug|x86
		{D75F3FAF-CDE1-498E-A736-D0B0DD5ABF5D}.Debug|Mixed Platforms.Build.0 = Debug|x86
		{D75F3FAF-CDE1-498E-A736-D0B0DD5ABF5D}.Debug|x86.ActiveCfg = Debug|x86
		{D75F3FAF-CDE1-498E-A736-D0B0DD5ABF5D}.Debug|x86.Build.0 = Debug|x86
		{D75F3FAF-CDE1-498E-A736-D0B0DD5ABF5D}.Release|Any CPU.ActiveCfg = Release|x86
		{D75F3FAF-CDE1-498E-A736-D0B0DD5ABF5D}.Release|Mixed Platforms.ActiveCfg = Release|x86
		{D75F3FAF-CDE1-498E-A736-D0B0DD5ABF5D}.Release|Mixed Platforms.Build.0 = Release|x86
		{D75F3FAF-CDE1-498E-A736-D0B0DD5ABF5D}.Release|x86.ActiveCfg = Release|x86
		{D75F3FAF-CDE1-498E-A736-D0B0DD5ABF5D}.Release|x86.Build.0 = Release|x86
		{1028A511-260B-4D9F-8560-A9D6BE14DDAA}.Debug|Any CPU.ActiveCfg = Debug|Any CPU
		{1028A511-260B-4D9F-8560-A9D6BE14DDAA}.Debug|Any CPU.Build.0 = Debug|Any CPU
		{1028A511-260B-4D9F-8560-A9D6BE14DDAA}.Debug|Mixed Platforms.ActiveCfg = Debug|Any CPU
		{1028A511-260B-4D9F-8560-A9D6BE14DDAA}.Debug|Mixed Platforms.Build.0 = Debug|Any CPU
		{1028A511-260B-4D9F-8560-A9D6BE14DDAA}.Debug|x86.ActiveCfg = Debug|Any CPU
		{1028A511-260B-4D9F-8560-A9D6BE14DDAA}.Debug|x86.Build.0 = Debug|Any CPU
		{1028A511-260B-4D9F-8560-A9D6BE14DDAA}.Release|Any CPU.ActiveCfg = Release|Any CPU
		{1028A511-260B-4D9F-8560-A9D6BE14DDAA}.Release|Any CPU.Build.0 = Release|Any CPU
		{1028A511-260B-4D9F-8560-A9D6BE14DDAA}.Release|Mixed Platforms.ActiveCfg = Release|Any CPU
		{1028A511-260B-4D9F-8560-A9D6BE14DDAA}.Release|Mixed Platforms.Build.0 = Release|Any CPU
		{1028A511-260B-4D9F-8560-A9D6BE14DDAA}.Release|x86.ActiveCfg = Release|Any CPU
		{1028A511-260B-4D9F-8560-A9D6BE14DDAA}.Release|x86.Build.0 = Release|Any CPU
		{168419FB-10F6-4B26-A122-9B0397F5AB8F}.Debug|Any CPU.ActiveCfg = Debug|x86
		{168419FB-10F6-4B26-A122-9B0397F5AB8F}.Debug|Mixed Platforms.ActiveCfg = Debug|x86
		{168419FB-10F6-4B26-A122-9B0397F5AB8F}.Debug|Mixed Platforms.Build.0 = Debug|x86
		{168419FB-10F6-4B26-A122-9B0397F5AB8F}.Debug|x86.ActiveCfg = Debug|x86
		{168419FB-10F6-4B26-A122-9B0397F5AB8F}.Debug|x86.Build.0 = Debug|x86
		{168419FB-10F6-4B26-A122-9B0397F5AB8F}.Release|Any CPU.ActiveCfg = Release|x86
		{168419FB-10F6-4B26-A122-9B0397F5AB8F}.Release|Mixed Platforms.ActiveCfg = Release|x86
		{168419FB-10F6-4B26-A122-9B0397F5AB8F}.Release|Mixed Platforms.Build.0 = Release|x86
		{168419FB-10F6-4B26-A122-9B0397F5AB8F}.Release|x86.ActiveCfg = Release|x86
		{168419FB-10F6-4B26-A122-9B0397F5AB8F}.Release|x86.Build.0 = Release|x86
		{E98C1650-9FD1-45B7-9EC4-5580D27B9B18}.Debug|Any CPU.ActiveCfg = Debug
		{E98C1650-9FD1-45B7-9EC4-5580D27B9B18}.Debug|Mixed Platforms.ActiveCfg = Debug
		{E98C1650-9FD1-45B7-9EC4-5580D27B9B18}.Debug|x86.ActiveCfg = Debug
		{E98C1650-9FD1-45B7-9EC4-5580D27B9B18}.Release|Any CPU.ActiveCfg = Release
		{E98C1650-9FD1-45B7-9EC4-5580D27B9B18}.Release|Mixed Platforms.ActiveCfg = Release
		{E98C1650-9FD1-45B7-9EC4-5580D27B9B18}.Release|x86.ActiveCfg = Release
		{097302C6-2248-4033-BE02-CE5A06EFEDFD}.Debug|Any CPU.ActiveCfg = Debug|x86
		{097302C6-2248-4033-BE02-CE5A06EFEDFD}.Debug|Mixed Platforms.ActiveCfg = Debug|x86
		{097302C6-2248-4033-BE02-CE5A06EFEDFD}.Debug|Mixed Platforms.Build.0 = Debug|x86
		{097302C6-2248-4033-BE02-CE5A06EFEDFD}.Debug|x86.ActiveCfg = Debug|x86
		{097302C6-2248-4033-BE02-CE5A06EFEDFD}.Debug|x86.Build.0 = Debug|x86
		{097302C6-2248-4033-BE02-CE5A06EFEDFD}.Release|Any CPU.ActiveCfg = Release|x86
		{097302C6-2248-4033-BE02-CE5A06EFEDFD}.Release|Mixed Platforms.ActiveCfg = Release|x86
		{097302C6-2248-4033-BE02-CE5A06EFEDFD}.Release|Mixed Platforms.Build.0 = Release|x86
		{097302C6-2248-4033-BE02-CE5A06EFEDFD}.Release|x86.ActiveCfg = Release|x86
		{097302C6-2248-4033-BE02-CE5A06EFEDFD}.Release|x86.Build.0 = Release|x86
		{BD83E802-698B-4417-8FCC-E430374EF9F2}.Debug|Any CPU.ActiveCfg = Debug|x86
		{BD83E802-698B-4417-8FCC-E430374EF9F2}.Debug|Mixed Platforms.ActiveCfg = Debug|x86
		{BD83E802-698B-4417-8FCC-E430374EF9F2}.Debug|Mixed Platforms.Build.0 = Debug|x86
		{BD83E802-698B-4417-8FCC-E430374EF9F2}.Debug|x86.ActiveCfg = Debug|x86
		{BD83E802-698B-4417-8FCC-E430374EF9F2}.Debug|x86.Build.0 = Debug|x86
		{BD83E802-698B-4417-8FCC-E430374EF9F2}.Release|Any CPU.ActiveCfg = Release|x86
		{BD83E802-698B-4417-8FCC-E430374EF9F2}.Release|Mixed Platforms.ActiveCfg = Release|x86
		{BD83E802-698B-4417-8FCC-E430374EF9F2}.Release|Mixed Platforms.Build.0 = Release|x86
		{BD83E802-698B-4417-8FCC-E430374EF9F2}.Release|x86.ActiveCfg = Release|x86
		{BD83E802-698B-4417-8FCC-E430374EF9F2}.Release|x86.Build.0 = Release|x86
		{7DDFE888-CA2D-47E8-ACA6-465DBBB9DA57}.Debug|Any CPU.ActiveCfg = Debug|Any CPU
		{7DDFE888-CA2D-47E8-ACA6-465DBBB9DA57}.Debug|Any CPU.Build.0 = Debug|Any CPU
		{7DDFE888-CA2D-47E8-ACA6-465DBBB9DA57}.Debug|Mixed Platforms.ActiveCfg = Debug|Any CPU
		{7DDFE888-CA2D-47E8-ACA6-465DBBB9DA57}.Debug|Mixed Platforms.Build.0 = Debug|Any CPU
		{7DDFE888-CA2D-47E8-ACA6-465DBBB9DA57}.Debug|x86.ActiveCfg = Debug|Any CPU
		{7DDFE888-CA2D-47E8-ACA6-465DBBB9DA57}.Debug|x86.Build.0 = Debug|Any CPU
		{7DDFE888-CA2D-47E8-ACA6-465DBBB9DA57}.Release|Any CPU.ActiveCfg = Release|Any CPU
		{7DDFE888-CA2D-47E8-ACA6-465DBBB9DA57}.Release|Any CPU.Build.0 = Release|Any CPU
		{7DDFE888-CA2D-47E8-ACA6-465DBBB9DA57}.Release|Mixed Platforms.ActiveCfg = Release|Any CPU
		{7DDFE888-CA2D-47E8-ACA6-465DBBB9DA57}.Release|Mixed Platforms.Build.0 = Release|Any CPU
		{7DDFE888-CA2D-47E8-ACA6-465DBBB9DA57}.Release|x86.ActiveCfg = Release|Any CPU
		{7DDFE888-CA2D-47E8-ACA6-465DBBB9DA57}.Release|x86.Build.0 = Release|Any CPU
		{1A9C3865-8EF8-4EC5-83E4-703A5A82465B}.Debug|Any CPU.ActiveCfg = Debug|Any CPU
		{1A9C3865-8EF8-4EC5-83E4-703A5A82465B}.Debug|Any CPU.Build.0 = Debug|Any CPU
		{1A9C3865-8EF8-4EC5-83E4-703A5A82465B}.Debug|Mixed Platforms.ActiveCfg = Debug|Any CPU
		{1A9C3865-8EF8-4EC5-83E4-703A5A82465B}.Debug|Mixed Platforms.Build.0 = Debug|Any CPU
		{1A9C3865-8EF8-4EC5-83E4-703A5A82465B}.Debug|x86.ActiveCfg = Debug|Any CPU
		{1A9C3865-8EF8-4EC5-83E4-703A5A82465B}.Debug|x86.Build.0 = Debug|Any CPU
		{1A9C3865-8EF8-4EC5-83E4-703A5A82465B}.Release|Any CPU.ActiveCfg = Release|Any CPU
		{1A9C3865-8EF8-4EC5-83E4-703A5A82465B}.Release|Any CPU.Build.0 = Release|Any CPU
		{1A9C3865-8EF8-4EC5-83E4-703A5A82465B}.Release|Mixed Platforms.ActiveCfg = Release|Any CPU
		{1A9C3865-8EF8-4EC5-83E4-703A5A82465B}.Release|Mixed Platforms.Build.0 = Release|Any CPU
		{1A9C3865-8EF8-4EC5-83E4-703A5A82465B}.Release|x86.ActiveCfg = Release|Any CPU
		{1A9C3865-8EF8-4EC5-83E4-703A5A82465B}.Release|x86.Build.0 = Release|Any CPU
		{0D9D7820-1C3C-4796-8D02-A15EE3CD90E8}.Debug|Any CPU.ActiveCfg = Debug|Any CPU
		{0D9D7820-1C3C-4796-8D02-A15EE3CD90E8}.Debug|Any CPU.Build.0 = Debug|Any CPU
		{0D9D7820-1C3C-4796-8D02-A15EE3CD90E8}.Debug|Mixed Platforms.ActiveCfg = Debug|x86
		{0D9D7820-1C3C-4796-8D02-A15EE3CD90E8}.Debug|Mixed Platforms.Build.0 = Debug|x86
		{0D9D7820-1C3C-4796-8D02-A15EE3CD90E8}.Debug|x86.ActiveCfg = Debug|x86
		{0D9D7820-1C3C-4796-8D02-A15EE3CD90E8}.Debug|x86.Build.0 = Debug|x86
		{0D9D7820-1C3C-4796-8D02-A15EE3CD90E8}.Release|Any CPU.ActiveCfg = Release|Any CPU
		{0D9D7820-1C3C-4796-8D02-A15EE3CD90E8}.Release|Any CPU.Build.0 = Release|Any CPU
		{0D9D7820-1C3C-4796-8D02-A15EE3CD90E8}.Release|Mixed Platforms.ActiveCfg = Release|x86
		{0D9D7820-1C3C-4796-8D02-A15EE3CD90E8}.Release|Mixed Platforms.Build.0 = Release|x86
		{0D9D7820-1C3C-4796-8D02-A15EE3CD90E8}.Release|x86.ActiveCfg = Release|x86
		{0D9D7820-1C3C-4796-8D02-A15EE3CD90E8}.Release|x86.Build.0 = Release|x86
		{F6532C06-F489-42D7-A9CD-4B5925EE4363}.Debug|Any CPU.ActiveCfg = Debug|x86
		{F6532C06-F489-42D7-A9CD-4B5925EE4363}.Debug|Mixed Platforms.ActiveCfg = Debug|x86
		{F6532C06-F489-42D7-A9CD-4B5925EE4363}.Debug|Mixed Platforms.Build.0 = Debug|x86
		{F6532C06-F489-42D7-A9CD-4B5925EE4363}.Debug|x86.ActiveCfg = Debug|x86
		{F6532C06-F489-42D7-A9CD-4B5925EE4363}.Debug|x86.Build.0 = Debug|x86
		{F6532C06-F489-42D7-A9CD-4B5925EE4363}.Release|Any CPU.ActiveCfg = Release|x86
		{F6532C06-F489-42D7-A9CD-4B5925EE4363}.Release|Mixed Platforms.ActiveCfg = Release|x86
		{F6532C06-F489-42D7-A9CD-4B5925EE4363}.Release|Mixed Platforms.Build.0 = Release|x86
		{F6532C06-F489-42D7-A9CD-4B5925EE4363}.Release|x86.ActiveCfg = Release|x86
		{F6532C06-F489-42D7-A9CD-4B5925EE4363}.Release|x86.Build.0 = Release|x86
		{ECD37682-DF7E-409F-912D-0965634556B5}.Debug|Any CPU.ActiveCfg = Debug|Any CPU
		{ECD37682-DF7E-409F-912D-0965634556B5}.Debug|Any CPU.Build.0 = Debug|Any CPU
		{ECD37682-DF7E-409F-912D-0965634556B5}.Debug|Mixed Platforms.ActiveCfg = Debug|Any CPU
		{ECD37682-DF7E-409F-912D-0965634556B5}.Debug|Mixed Platforms.Build.0 = Debug|Any CPU
		{ECD37682-DF7E-409F-912D-0965634556B5}.Debug|x86.ActiveCfg = Debug|Any CPU
		{ECD37682-DF7E-409F-912D-0965634556B5}.Release|Any CPU.ActiveCfg = Release|Any CPU
		{ECD37682-DF7E-409F-912D-0965634556B5}.Release|Any CPU.Build.0 = Release|Any CPU
		{ECD37682-DF7E-409F-912D-0965634556B5}.Release|Mixed Platforms.ActiveCfg = Release|Any CPU
		{ECD37682-DF7E-409F-912D-0965634556B5}.Release|Mixed Platforms.Build.0 = Release|Any CPU
		{ECD37682-DF7E-409F-912D-0965634556B5}.Release|x86.ActiveCfg = Release|Any CPU
	EndGlobalSection
	GlobalSection(SolutionProperties) = preSolution
		HideSolutionNode = FALSE
	EndGlobalSection
	GlobalSection(NestedProjects) = preSolution
		{7432A028-73E5-4932-83DE-01ED6ACB6898} = {874B8D4C-F213-4658-99A9-4E7BABA56815}
		{535FFD0A-C090-459B-A701-B8CD55451565} = {874B8D4C-F213-4658-99A9-4E7BABA56815}
		{8A02D577-3925-46E3-803F-25809B8FE2AB} = {874B8D4C-F213-4658-99A9-4E7BABA56815}
		{641DE114-CD5B-42C7-A8F2-D7989172D099} = {874B8D4C-F213-4658-99A9-4E7BABA56815}
		{265DA691-C86C-4752-ABE0-46A6B480D66A} = {874B8D4C-F213-4658-99A9-4E7BABA56815}
		{641A6740-97C5-4F65-9575-8360D961DF9E} = {874B8D4C-F213-4658-99A9-4E7BABA56815}
		{98F3AC42-EFD4-4BCB-AFEA-28B1BA8C64CA} = {874B8D4C-F213-4658-99A9-4E7BABA56815}
		{D75F3FAF-CDE1-498E-A736-D0B0DD5ABF5D} = {874B8D4C-F213-4658-99A9-4E7BABA56815}
		{168419FB-10F6-4B26-A122-9B0397F5AB8F} = {874B8D4C-F213-4658-99A9-4E7BABA56815}
		{BD83E802-698B-4417-8FCC-E430374EF9F2} = {874B8D4C-F213-4658-99A9-4E7BABA56815}
	EndGlobalSection
EndGlobal
