
Microsoft Visual Studio Solution File, Format Version 10.00
# Visual Studio 2008
Project("{FAE04EC0-301F-11D3-BF4B-00C04F79EFBC}") = "HydroNumerics.HydroCat.Core", "Core\HydroNumerics.HydroCat.Core.csproj", "{82512EF0-45BC-4E17-B88F-9D533EFCC344}"
EndProject
Project("{FAE04EC0-301F-11D3-BF4B-00C04F79EFBC}") = "HydroNumerics.HydroCat.Core.UnitTest", "Core\UnitTest\HydroNumerics.HydroCat.Core.UnitTest.csproj", "{C60CD46A-DB53-4415-BB4A-60FC1DDD140A}"
EndProject
Project("{FAE04EC0-301F-11D3-BF4B-00C04F79EFBC}") = "HydroNumerics.Core", "..\Core\HydroNumerics.Core.csproj", "{05EBC096-5A59-4484-84ED-D478C83BEA11}"
EndProject
Project("{FAE04EC0-301F-11D3-BF4B-00C04F79EFBC}") = "HydroNumerics.Time.Core", "..\Time\Core\HydroNumerics.Time.Core.csproj", "{181EB148-5C8B-4ACD-893E-747B34A13BBE}"
EndProject
Project("{FAE04EC0-301F-11D3-BF4B-00C04F79EFBC}") = "HydroNumerics.Time.Tools", "..\Time\Tools\HydroNumerics.Time.Tools.csproj", "{2C2A434D-35CC-4F62-8538-F7DEE5170CFA}"
EndProject
Project("{FAE04EC0-301F-11D3-BF4B-00C04F79EFBC}") = "ZedGraph", "..\..\ThirdPartySoftware\ZedGraph\ZedGraph.csproj", "{2541686B-1673-43BF-AF89-3163945DB009}"
EndProject
Project("{FAE04EC0-301F-11D3-BF4B-00C04F79EFBC}") = "HydroNumerics.HydroCat.Editor", "Editor\HydroNumerics.HydroCat.Editor.csproj", "{E3CB69D2-C787-4C5C-9725-609FD885BA07}"
EndProject
Project("{FAE04EC0-301F-11D3-BF4B-00C04F79EFBC}") = "HydroNumerics.Time.Core.UnitTest", "..\Time\Core\UnitTest\HydroNumerics.Time.Core.UnitTest.csproj", "{9468C519-1209-4A17-82E6-043F8C883FD6}"
EndProject
Project("{FAE04EC0-301F-11D3-BF4B-00C04F79EFBC}") = "HydroNumerics.Core.UnitTest", "..\Core\UnitTest\HydroNumerics.Core.UnitTest.csproj", "{76A6B949-33DA-4961-B31E-FBEDE68B097D}"
EndProject
Project("{FAE04EC0-301F-11D3-BF4B-00C04F79EFBC}") = "HydroNumerics.Time.Tools.Test", "..\Time\Tools\Test\HydroNumerics.Time.Tools.Test.csproj", "{C713FF6F-6013-45F3-8E41-30D6E6632CE9}"
EndProject
Global
	GlobalSection(SolutionConfigurationPlatforms) = preSolution
		Debug|Any CPU = Debug|Any CPU
		Debug|x86 = Debug|x86
		Release|Any CPU = Release|Any CPU
		Release|x86 = Release|x86
	EndGlobalSection
	GlobalSection(ProjectConfigurationPlatforms) = postSolution
		{82512EF0-45BC-4E17-B88F-9D533EFCC344}.Debug|Any CPU.ActiveCfg = Debug|Any CPU
		{82512EF0-45BC-4E17-B88F-9D533EFCC344}.Debug|Any CPU.Build.0 = Debug|Any CPU
		{82512EF0-45BC-4E17-B88F-9D533EFCC344}.Debug|x86.ActiveCfg = Debug|Any CPU
		{82512EF0-45BC-4E17-B88F-9D533EFCC344}.Release|Any CPU.ActiveCfg = Release|Any CPU
		{82512EF0-45BC-4E17-B88F-9D533EFCC344}.Release|Any CPU.Build.0 = Release|Any CPU
		{82512EF0-45BC-4E17-B88F-9D533EFCC344}.Release|x86.ActiveCfg = Release|Any CPU
		{C60CD46A-DB53-4415-BB4A-60FC1DDD140A}.Debug|Any CPU.ActiveCfg = Debug|Any CPU
		{C60CD46A-DB53-4415-BB4A-60FC1DDD140A}.Debug|Any CPU.Build.0 = Debug|Any CPU
		{C60CD46A-DB53-4415-BB4A-60FC1DDD140A}.Debug|x86.ActiveCfg = Debug|Any CPU
		{C60CD46A-DB53-4415-BB4A-60FC1DDD140A}.Release|Any CPU.ActiveCfg = Release|Any CPU
		{C60CD46A-DB53-4415-BB4A-60FC1DDD140A}.Release|Any CPU.Build.0 = Release|Any CPU
		{C60CD46A-DB53-4415-BB4A-60FC1DDD140A}.Release|x86.ActiveCfg = Release|Any CPU
		{05EBC096-5A59-4484-84ED-D478C83BEA11}.Debug|Any CPU.ActiveCfg = Debug|Any CPU
		{05EBC096-5A59-4484-84ED-D478C83BEA11}.Debug|Any CPU.Build.0 = Debug|Any CPU
		{05EBC096-5A59-4484-84ED-D478C83BEA11}.Debug|x86.ActiveCfg = Debug|x86
		{05EBC096-5A59-4484-84ED-D478C83BEA11}.Debug|x86.Build.0 = Debug|x86
		{05EBC096-5A59-4484-84ED-D478C83BEA11}.Release|Any CPU.ActiveCfg = Release|Any CPU
		{05EBC096-5A59-4484-84ED-D478C83BEA11}.Release|Any CPU.Build.0 = Release|Any CPU
		{05EBC096-5A59-4484-84ED-D478C83BEA11}.Release|x86.ActiveCfg = Release|x86
		{05EBC096-5A59-4484-84ED-D478C83BEA11}.Release|x86.Build.0 = Release|x86
		{181EB148-5C8B-4ACD-893E-747B34A13BBE}.Debug|Any CPU.ActiveCfg = Debug|Any CPU
		{181EB148-5C8B-4ACD-893E-747B34A13BBE}.Debug|Any CPU.Build.0 = Debug|Any CPU
		{181EB148-5C8B-4ACD-893E-747B34A13BBE}.Debug|x86.ActiveCfg = Debug|x86
		{181EB148-5C8B-4ACD-893E-747B34A13BBE}.Debug|x86.Build.0 = Debug|x86
		{181EB148-5C8B-4ACD-893E-747B34A13BBE}.Release|Any CPU.ActiveCfg = Release|Any CPU
		{181EB148-5C8B-4ACD-893E-747B34A13BBE}.Release|Any CPU.Build.0 = Release|Any CPU
		{181EB148-5C8B-4ACD-893E-747B34A13BBE}.Release|x86.ActiveCfg = Release|x86
		{181EB148-5C8B-4ACD-893E-747B34A13BBE}.Release|x86.Build.0 = Release|x86
		{2C2A434D-35CC-4F62-8538-F7DEE5170CFA}.Debug|Any CPU.ActiveCfg = Debug|Any CPU
		{2C2A434D-35CC-4F62-8538-F7DEE5170CFA}.Debug|Any CPU.Build.0 = Debug|Any CPU
		{2C2A434D-35CC-4F62-8538-F7DEE5170CFA}.Debug|x86.ActiveCfg = Debug|Any CPU
		{2C2A434D-35CC-4F62-8538-F7DEE5170CFA}.Release|Any CPU.ActiveCfg = Release|Any CPU
		{2C2A434D-35CC-4F62-8538-F7DEE5170CFA}.Release|Any CPU.Build.0 = Release|Any CPU
		{2C2A434D-35CC-4F62-8538-F7DEE5170CFA}.Release|x86.ActiveCfg = Release|Any CPU
		{2541686B-1673-43BF-AF89-3163945DB009}.Debug|Any CPU.ActiveCfg = Debug|Any CPU
		{2541686B-1673-43BF-AF89-3163945DB009}.Debug|Any CPU.Build.0 = Debug|Any CPU
		{2541686B-1673-43BF-AF89-3163945DB009}.Debug|x86.ActiveCfg = Debug|Any CPU
		{2541686B-1673-43BF-AF89-3163945DB009}.Release|Any CPU.ActiveCfg = Release|Any CPU
		{2541686B-1673-43BF-AF89-3163945DB009}.Release|Any CPU.Build.0 = Release|Any CPU
		{2541686B-1673-43BF-AF89-3163945DB009}.Release|x86.ActiveCfg = Release|Any CPU
		{E3CB69D2-C787-4C5C-9725-609FD885BA07}.Debug|Any CPU.ActiveCfg = Debug|Any CPU
		{E3CB69D2-C787-4C5C-9725-609FD885BA07}.Debug|Any CPU.Build.0 = Debug|Any CPU
		{E3CB69D2-C787-4C5C-9725-609FD885BA07}.Debug|x86.ActiveCfg = Debug|Any CPU
		{E3CB69D2-C787-4C5C-9725-609FD885BA07}.Release|Any CPU.ActiveCfg = Release|Any CPU
		{E3CB69D2-C787-4C5C-9725-609FD885BA07}.Release|Any CPU.Build.0 = Release|Any CPU
		{E3CB69D2-C787-4C5C-9725-609FD885BA07}.Release|x86.ActiveCfg = Release|Any CPU
		{9468C519-1209-4A17-82E6-043F8C883FD6}.Debug|Any CPU.ActiveCfg = Debug|Any CPU
		{9468C519-1209-4A17-82E6-043F8C883FD6}.Debug|Any CPU.Build.0 = Debug|Any CPU
		{9468C519-1209-4A17-82E6-043F8C883FD6}.Debug|x86.ActiveCfg = Debug|Any CPU
		{9468C519-1209-4A17-82E6-043F8C883FD6}.Release|Any CPU.ActiveCfg = Release|Any CPU
		{9468C519-1209-4A17-82E6-043F8C883FD6}.Release|Any CPU.Build.0 = Release|Any CPU
		{9468C519-1209-4A17-82E6-043F8C883FD6}.Release|x86.ActiveCfg = Release|Any CPU
		{76A6B949-33DA-4961-B31E-FBEDE68B097D}.Debug|Any CPU.ActiveCfg = Debug|Any CPU
		{76A6B949-33DA-4961-B31E-FBEDE68B097D}.Debug|Any CPU.Build.0 = Debug|Any CPU
		{76A6B949-33DA-4961-B31E-FBEDE68B097D}.Debug|x86.ActiveCfg = Debug|Any CPU
		{76A6B949-33DA-4961-B31E-FBEDE68B097D}.Release|Any CPU.ActiveCfg = Release|Any CPU
		{76A6B949-33DA-4961-B31E-FBEDE68B097D}.Release|Any CPU.Build.0 = Release|Any CPU
		{76A6B949-33DA-4961-B31E-FBEDE68B097D}.Release|x86.ActiveCfg = Release|Any CPU
		{C713FF6F-6013-45F3-8E41-30D6E6632CE9}.Debug|Any CPU.ActiveCfg = Debug|Any CPU
		{C713FF6F-6013-45F3-8E41-30D6E6632CE9}.Debug|Any CPU.Build.0 = Debug|Any CPU
		{C713FF6F-6013-45F3-8E41-30D6E6632CE9}.Debug|x86.ActiveCfg = Debug|Any CPU
		{C713FF6F-6013-45F3-8E41-30D6E6632CE9}.Release|Any CPU.ActiveCfg = Release|Any CPU
		{C713FF6F-6013-45F3-8E41-30D6E6632CE9}.Release|Any CPU.Build.0 = Release|Any CPU
		{C713FF6F-6013-45F3-8E41-30D6E6632CE9}.Release|x86.ActiveCfg = Release|Any CPU
	EndGlobalSection
	GlobalSection(SolutionProperties) = preSolution
		HideSolutionNode = FALSE
	EndGlobalSection
EndGlobal
