
Microsoft Visual Studio Solution File, Format Version 10.00
# Visual Studio 2008
Project("{FAE04EC0-301F-11D3-BF4B-00C04F79EFBC}") = "HydroNumerics.JupiterTools", "HydroNumerics.JupiterTools.csproj", "{F5F6EDAA-33D7-477B-9B20-513BF3D2B9A5}"
EndProject
Project("{FAE04EC0-301F-11D3-BF4B-00C04F79EFBC}") = "HydroNumerics.Wells", "..\Wells\HydroNumerics.Wells\HydroNumerics.Wells.csproj", "{F62868D7-63C1-4179-81AD-8834C0BF1AB8}"
EndProject
Project("{FAE04EC0-301F-11D3-BF4B-00C04F79EFBC}") = "HydroNumerics.JupiterTools.UnitTest", "UnitTest\HydroNumerics.JupiterTools.UnitTest.csproj", "{BB02F1CF-6B3E-4369-8113-3C314188ACED}"
EndProject
Project("{2150E333-8FDC-42A3-9474-1A3956D46DE8}") = "Solution Items", "Solution Items", "{67F75848-BC90-4174-8FA8-3C3DF83D216E}"
	ProjectSection(SolutionItems) = preProject
		HydroNumerics.JupiterTools.vsmdi = HydroNumerics.JupiterTools.vsmdi
		HydroNumerics.JupiterTools1.vsmdi = HydroNumerics.JupiterTools1.vsmdi
		LocalTestRun.testrunconfig = LocalTestRun.testrunconfig
	EndProjectSection
EndProject
Project("{FAE04EC0-301F-11D3-BF4B-00C04F79EFBC}") = "HydroNumerics.Core", "..\Core\HydroNumerics.Core.csproj", "{05EBC096-5A59-4484-84ED-D478C83BEA11}"
EndProject
Project("{FAE04EC0-301F-11D3-BF4B-00C04F79EFBC}") = "HydroNumerics.JupiterTools.JupiterPlus", "JupiterPlus\HydroNumerics.JupiterTools.JupiterPlus.csproj", "{547A0CCC-1B59-4CE9-81E4-84B032192AE6}"
EndProject
Project("{FAE04EC0-301F-11D3-BF4B-00C04F79EFBC}") = "HydroNumerics.JupiterTools.JupiterPlus.UnitTest", "JupiterPlus\UnitTest\HydroNumerics.JupiterTools.JupiterPlus.UnitTest.csproj", "{93E650F8-1F92-49C4-820C-F7BC66B0A136}"
EndProject
Global
	GlobalSection(TestCaseManagementSettings) = postSolution
		CategoryFile = HydroNumerics.JupiterTools1.vsmdi
	EndGlobalSection
	GlobalSection(SolutionConfigurationPlatforms) = preSolution
		Debug|Any CPU = Debug|Any CPU
		Debug|x86 = Debug|x86
		Release|Any CPU = Release|Any CPU
		Release|x86 = Release|x86
	EndGlobalSection
	GlobalSection(ProjectConfigurationPlatforms) = postSolution
		{F5F6EDAA-33D7-477B-9B20-513BF3D2B9A5}.Debug|Any CPU.ActiveCfg = Debug|Any CPU
		{F5F6EDAA-33D7-477B-9B20-513BF3D2B9A5}.Debug|Any CPU.Build.0 = Debug|Any CPU
		{F5F6EDAA-33D7-477B-9B20-513BF3D2B9A5}.Debug|x86.ActiveCfg = Debug|Any CPU
		{F5F6EDAA-33D7-477B-9B20-513BF3D2B9A5}.Release|Any CPU.ActiveCfg = Release|Any CPU
		{F5F6EDAA-33D7-477B-9B20-513BF3D2B9A5}.Release|Any CPU.Build.0 = Release|Any CPU
		{F5F6EDAA-33D7-477B-9B20-513BF3D2B9A5}.Release|x86.ActiveCfg = Release|Any CPU
		{F62868D7-63C1-4179-81AD-8834C0BF1AB8}.Debug|Any CPU.ActiveCfg = Debug|Any CPU
		{F62868D7-63C1-4179-81AD-8834C0BF1AB8}.Debug|Any CPU.Build.0 = Debug|Any CPU
		{F62868D7-63C1-4179-81AD-8834C0BF1AB8}.Debug|x86.ActiveCfg = Debug|Any CPU
		{F62868D7-63C1-4179-81AD-8834C0BF1AB8}.Release|Any CPU.ActiveCfg = Release|Any CPU
		{F62868D7-63C1-4179-81AD-8834C0BF1AB8}.Release|Any CPU.Build.0 = Release|Any CPU
		{F62868D7-63C1-4179-81AD-8834C0BF1AB8}.Release|x86.ActiveCfg = Release|Any CPU
		{BB02F1CF-6B3E-4369-8113-3C314188ACED}.Debug|Any CPU.ActiveCfg = Debug|Any CPU
		{BB02F1CF-6B3E-4369-8113-3C314188ACED}.Debug|Any CPU.Build.0 = Debug|Any CPU
		{BB02F1CF-6B3E-4369-8113-3C314188ACED}.Debug|x86.ActiveCfg = Debug|Any CPU
		{BB02F1CF-6B3E-4369-8113-3C314188ACED}.Release|Any CPU.ActiveCfg = Release|Any CPU
		{BB02F1CF-6B3E-4369-8113-3C314188ACED}.Release|Any CPU.Build.0 = Release|Any CPU
		{BB02F1CF-6B3E-4369-8113-3C314188ACED}.Release|x86.ActiveCfg = Release|Any CPU
		{05EBC096-5A59-4484-84ED-D478C83BEA11}.Debug|Any CPU.ActiveCfg = Debug|Any CPU
		{05EBC096-5A59-4484-84ED-D478C83BEA11}.Debug|Any CPU.Build.0 = Debug|Any CPU
		{05EBC096-5A59-4484-84ED-D478C83BEA11}.Debug|x86.ActiveCfg = Debug|x86
		{05EBC096-5A59-4484-84ED-D478C83BEA11}.Debug|x86.Build.0 = Debug|x86
		{05EBC096-5A59-4484-84ED-D478C83BEA11}.Release|Any CPU.ActiveCfg = Release|Any CPU
		{05EBC096-5A59-4484-84ED-D478C83BEA11}.Release|Any CPU.Build.0 = Release|Any CPU
		{05EBC096-5A59-4484-84ED-D478C83BEA11}.Release|x86.ActiveCfg = Release|x86
		{05EBC096-5A59-4484-84ED-D478C83BEA11}.Release|x86.Build.0 = Release|x86
		{547A0CCC-1B59-4CE9-81E4-84B032192AE6}.Debug|Any CPU.ActiveCfg = Debug|Any CPU
		{547A0CCC-1B59-4CE9-81E4-84B032192AE6}.Debug|Any CPU.Build.0 = Debug|Any CPU
		{547A0CCC-1B59-4CE9-81E4-84B032192AE6}.Debug|x86.ActiveCfg = Debug|Any CPU
		{547A0CCC-1B59-4CE9-81E4-84B032192AE6}.Release|Any CPU.ActiveCfg = Release|Any CPU
		{547A0CCC-1B59-4CE9-81E4-84B032192AE6}.Release|Any CPU.Build.0 = Release|Any CPU
		{547A0CCC-1B59-4CE9-81E4-84B032192AE6}.Release|x86.ActiveCfg = Release|Any CPU
		{93E650F8-1F92-49C4-820C-F7BC66B0A136}.Debug|Any CPU.ActiveCfg = Debug|Any CPU
		{93E650F8-1F92-49C4-820C-F7BC66B0A136}.Debug|Any CPU.Build.0 = Debug|Any CPU
		{93E650F8-1F92-49C4-820C-F7BC66B0A136}.Debug|x86.ActiveCfg = Debug|Any CPU
		{93E650F8-1F92-49C4-820C-F7BC66B0A136}.Release|Any CPU.ActiveCfg = Release|Any CPU
		{93E650F8-1F92-49C4-820C-F7BC66B0A136}.Release|Any CPU.Build.0 = Release|Any CPU
		{93E650F8-1F92-49C4-820C-F7BC66B0A136}.Release|x86.ActiveCfg = Release|Any CPU
	EndGlobalSection
	GlobalSection(SolutionProperties) = preSolution
		HideSolutionNode = FALSE
	EndGlobalSection
EndGlobal
